
Microsoft Visual Studio Solution File, Format Version 12.00
# Visual Studio 2013
VisualStudioVersion = 12.0.31101.0
MinimumVisualStudioVersion = 10.0.40219.1
Project("{FAE04EC0-301F-11D3-BF4B-00C04F79EFBC}") = "Trains.Core", "Trains.Core\Trains.Core.csproj", "{D5769CED-2D11-4058-8894-ACD18A90CD5A}"
EndProject
Project("{FAE04EC0-301F-11D3-BF4B-00C04F79EFBC}") = "Trains.Model", "Trains.Model\Trains.Model.csproj", "{73F82F72-521E-4F11-AA97-9A377E8CBE3E}"
EndProject
Project("{FAE04EC0-301F-11D3-BF4B-00C04F79EFBC}") = "Trains.Droid", "Trains.Droid\Trains.Droid.csproj", "{11CDC8C2-4D23-41EB-A16A-69AEBEE13C43}"
EndProject
Project("{FAE04EC0-301F-11D3-BF4B-00C04F79EFBC}") = "Trains.Touch", "Trains.Touch\Trains.Touch.csproj", "{390A2E3C-2D2D-4F04-87F8-52FFD9D57E99}"
EndProject
Project("{FAE04EC0-301F-11D3-BF4B-00C04F79EFBC}") = "Trains.WP", "Trains.WP\Trains.WP.csproj", "{2A6DB0BE-90C1-4AEE-ADE1-31BB10231AA3}"
EndProject
Project("{2150E333-8FDC-42A3-9474-1A3956D46DE8}") = ".nuget", ".nuget", "{83495263-0BED-4D9F-A0B0-AA39038F0ABA}"
	ProjectSection(SolutionItems) = preProject
		.nuget\NuGet.Config = .nuget\NuGet.Config
		.nuget\NuGet.exe = .nuget\NuGet.exe
		.nuget\NuGet.targets = .nuget\NuGet.targets
	EndProjectSection
EndProject
Project("{FAE04EC0-301F-11D3-BF4B-00C04F79EFBC}") = "Metrica", "Metrica\Metrica.csproj", "{961E4335-FF6F-44D2-B6C8-81010CAE166E}"
EndProject
Global
	GlobalSection(SolutionConfigurationPlatforms) = preSolution
		Ad-Hoc|Android = Ad-Hoc|Android
		Ad-Hoc|iPhone = Ad-Hoc|iPhone
		Ad-Hoc|iPhoneSimulator = Ad-Hoc|iPhoneSimulator
		Ad-Hoc|WindowsPhone = Ad-Hoc|WindowsPhone
		AppStore|Android = AppStore|Android
		AppStore|iPhone = AppStore|iPhone
		AppStore|iPhoneSimulator = AppStore|iPhoneSimulator
		AppStore|WindowsPhone = AppStore|WindowsPhone
		Debug|Android = Debug|Android
		Debug|iPhone = Debug|iPhone
		Debug|iPhoneSimulator = Debug|iPhoneSimulator
		Debug|WindowsPhone = Debug|WindowsPhone
		Release|Android = Release|Android
		Release|iPhone = Release|iPhone
		Release|iPhoneSimulator = Release|iPhoneSimulator
		Release|WindowsPhone = Release|WindowsPhone
	EndGlobalSection
	GlobalSection(ProjectConfigurationPlatforms) = postSolution
		{D5769CED-2D11-4058-8894-ACD18A90CD5A}.Ad-Hoc|Android.ActiveCfg = Release|Any CPU
		{D5769CED-2D11-4058-8894-ACD18A90CD5A}.Ad-Hoc|Android.Build.0 = Release|Any CPU
		{D5769CED-2D11-4058-8894-ACD18A90CD5A}.Ad-Hoc|iPhone.ActiveCfg = Release|Any CPU
		{D5769CED-2D11-4058-8894-ACD18A90CD5A}.Ad-Hoc|iPhone.Build.0 = Release|Any CPU
		{D5769CED-2D11-4058-8894-ACD18A90CD5A}.Ad-Hoc|iPhoneSimulator.ActiveCfg = Release|Any CPU
		{D5769CED-2D11-4058-8894-ACD18A90CD5A}.Ad-Hoc|iPhoneSimulator.Build.0 = Release|Any CPU
		{D5769CED-2D11-4058-8894-ACD18A90CD5A}.Ad-Hoc|WindowsPhone.ActiveCfg = Release|Any CPU
		{D5769CED-2D11-4058-8894-ACD18A90CD5A}.Ad-Hoc|WindowsPhone.Build.0 = Release|Any CPU
		{D5769CED-2D11-4058-8894-ACD18A90CD5A}.AppStore|Android.ActiveCfg = Release|Any CPU
		{D5769CED-2D11-4058-8894-ACD18A90CD5A}.AppStore|Android.Build.0 = Release|Any CPU
		{D5769CED-2D11-4058-8894-ACD18A90CD5A}.AppStore|iPhone.ActiveCfg = Release|Any CPU
		{D5769CED-2D11-4058-8894-ACD18A90CD5A}.AppStore|iPhone.Build.0 = Release|Any CPU
		{D5769CED-2D11-4058-8894-ACD18A90CD5A}.AppStore|iPhoneSimulator.ActiveCfg = Debug|Any CPU
		{D5769CED-2D11-4058-8894-ACD18A90CD5A}.AppStore|iPhoneSimulator.Build.0 = Debug|Any CPU
		{D5769CED-2D11-4058-8894-ACD18A90CD5A}.AppStore|WindowsPhone.ActiveCfg = Release|Any CPU
		{D5769CED-2D11-4058-8894-ACD18A90CD5A}.AppStore|WindowsPhone.Build.0 = Release|Any CPU
		{D5769CED-2D11-4058-8894-ACD18A90CD5A}.Debug|Android.ActiveCfg = Debug|Any CPU
		{D5769CED-2D11-4058-8894-ACD18A90CD5A}.Debug|Android.Build.0 = Debug|Any CPU
		{D5769CED-2D11-4058-8894-ACD18A90CD5A}.Debug|iPhone.ActiveCfg = Debug|Any CPU
		{D5769CED-2D11-4058-8894-ACD18A90CD5A}.Debug|iPhone.Build.0 = Debug|Any CPU
		{D5769CED-2D11-4058-8894-ACD18A90CD5A}.Debug|iPhoneSimulator.ActiveCfg = Debug|Any CPU
		{D5769CED-2D11-4058-8894-ACD18A90CD5A}.Debug|iPhoneSimulator.Build.0 = Debug|Any CPU
		{D5769CED-2D11-4058-8894-ACD18A90CD5A}.Debug|WindowsPhone.ActiveCfg = Debug|Any CPU
		{D5769CED-2D11-4058-8894-ACD18A90CD5A}.Debug|WindowsPhone.Build.0 = Debug|Any CPU
		{D5769CED-2D11-4058-8894-ACD18A90CD5A}.Release|Android.ActiveCfg = Release|Any CPU
		{D5769CED-2D11-4058-8894-ACD18A90CD5A}.Release|Android.Build.0 = Release|Any CPU
		{D5769CED-2D11-4058-8894-ACD18A90CD5A}.Release|iPhone.ActiveCfg = Release|Any CPU
		{D5769CED-2D11-4058-8894-ACD18A90CD5A}.Release|iPhone.Build.0 = Release|Any CPU
		{D5769CED-2D11-4058-8894-ACD18A90CD5A}.Release|iPhoneSimulator.ActiveCfg = Release|Any CPU
		{D5769CED-2D11-4058-8894-ACD18A90CD5A}.Release|iPhoneSimulator.Build.0 = Release|Any CPU
		{D5769CED-2D11-4058-8894-ACD18A90CD5A}.Release|iPhoneSimulator.Deploy.0 = Release|Any CPU
		{D5769CED-2D11-4058-8894-ACD18A90CD5A}.Release|WindowsPhone.ActiveCfg = Release|Any CPU
		{D5769CED-2D11-4058-8894-ACD18A90CD5A}.Release|WindowsPhone.Build.0 = Release|Any CPU
		{73F82F72-521E-4F11-AA97-9A377E8CBE3E}.Ad-Hoc|Android.ActiveCfg = Release|Any CPU
		{73F82F72-521E-4F11-AA97-9A377E8CBE3E}.Ad-Hoc|Android.Build.0 = Release|Any CPU
		{73F82F72-521E-4F11-AA97-9A377E8CBE3E}.Ad-Hoc|iPhone.ActiveCfg = Release|Any CPU
		{73F82F72-521E-4F11-AA97-9A377E8CBE3E}.Ad-Hoc|iPhone.Build.0 = Release|Any CPU
		{73F82F72-521E-4F11-AA97-9A377E8CBE3E}.Ad-Hoc|iPhoneSimulator.ActiveCfg = Release|Any CPU
		{73F82F72-521E-4F11-AA97-9A377E8CBE3E}.Ad-Hoc|iPhoneSimulator.Build.0 = Release|Any CPU
		{73F82F72-521E-4F11-AA97-9A377E8CBE3E}.Ad-Hoc|WindowsPhone.ActiveCfg = Release|Any CPU
		{73F82F72-521E-4F11-AA97-9A377E8CBE3E}.Ad-Hoc|WindowsPhone.Build.0 = Release|Any CPU
		{73F82F72-521E-4F11-AA97-9A377E8CBE3E}.AppStore|Android.ActiveCfg = Release|Any CPU
		{73F82F72-521E-4F11-AA97-9A377E8CBE3E}.AppStore|Android.Build.0 = Release|Any CPU
		{73F82F72-521E-4F11-AA97-9A377E8CBE3E}.AppStore|iPhone.ActiveCfg = Release|Any CPU
		{73F82F72-521E-4F11-AA97-9A377E8CBE3E}.AppStore|iPhone.Build.0 = Release|Any CPU
		{73F82F72-521E-4F11-AA97-9A377E8CBE3E}.AppStore|iPhoneSimulator.ActiveCfg = Debug|Any CPU
		{73F82F72-521E-4F11-AA97-9A377E8CBE3E}.AppStore|iPhoneSimulator.Build.0 = Debug|Any CPU
		{73F82F72-521E-4F11-AA97-9A377E8CBE3E}.AppStore|WindowsPhone.ActiveCfg = Release|Any CPU
		{73F82F72-521E-4F11-AA97-9A377E8CBE3E}.AppStore|WindowsPhone.Build.0 = Release|Any CPU
		{73F82F72-521E-4F11-AA97-9A377E8CBE3E}.Debug|Android.ActiveCfg = Debug|Any CPU
		{73F82F72-521E-4F11-AA97-9A377E8CBE3E}.Debug|Android.Build.0 = Debug|Any CPU
		{73F82F72-521E-4F11-AA97-9A377E8CBE3E}.Debug|iPhone.ActiveCfg = Debug|Any CPU
		{73F82F72-521E-4F11-AA97-9A377E8CBE3E}.Debug|iPhone.Build.0 = Debug|Any CPU
		{73F82F72-521E-4F11-AA97-9A377E8CBE3E}.Debug|iPhoneSimulator.ActiveCfg = Debug|Any CPU
		{73F82F72-521E-4F11-AA97-9A377E8CBE3E}.Debug|iPhoneSimulator.Build.0 = Debug|Any CPU
		{73F82F72-521E-4F11-AA97-9A377E8CBE3E}.Debug|WindowsPhone.ActiveCfg = Debug|Any CPU
		{73F82F72-521E-4F11-AA97-9A377E8CBE3E}.Debug|WindowsPhone.Build.0 = Debug|Any CPU
		{73F82F72-521E-4F11-AA97-9A377E8CBE3E}.Release|Android.ActiveCfg = Release|Any CPU
		{73F82F72-521E-4F11-AA97-9A377E8CBE3E}.Release|Android.Build.0 = Release|Any CPU
		{73F82F72-521E-4F11-AA97-9A377E8CBE3E}.Release|iPhone.ActiveCfg = Release|Any CPU
		{73F82F72-521E-4F11-AA97-9A377E8CBE3E}.Release|iPhone.Build.0 = Release|Any CPU
		{73F82F72-521E-4F11-AA97-9A377E8CBE3E}.Release|iPhoneSimulator.ActiveCfg = Release|Any CPU
		{73F82F72-521E-4F11-AA97-9A377E8CBE3E}.Release|iPhoneSimulator.Build.0 = Release|Any CPU
		{73F82F72-521E-4F11-AA97-9A377E8CBE3E}.Release|WindowsPhone.ActiveCfg = Release|Any CPU
		{73F82F72-521E-4F11-AA97-9A377E8CBE3E}.Release|WindowsPhone.Build.0 = Release|Any CPU
		{11CDC8C2-4D23-41EB-A16A-69AEBEE13C43}.Ad-Hoc|Android.ActiveCfg = Release|Any CPU
		{11CDC8C2-4D23-41EB-A16A-69AEBEE13C43}.Ad-Hoc|Android.Build.0 = Release|Any CPU
		{11CDC8C2-4D23-41EB-A16A-69AEBEE13C43}.Ad-Hoc|Android.Deploy.0 = Release|Any CPU
		{11CDC8C2-4D23-41EB-A16A-69AEBEE13C43}.Ad-Hoc|iPhone.ActiveCfg = Release|Any CPU
		{11CDC8C2-4D23-41EB-A16A-69AEBEE13C43}.Ad-Hoc|iPhoneSimulator.ActiveCfg = Release|Any CPU
		{11CDC8C2-4D23-41EB-A16A-69AEBEE13C43}.Ad-Hoc|WindowsPhone.ActiveCfg = Release|Any CPU
		{11CDC8C2-4D23-41EB-A16A-69AEBEE13C43}.AppStore|Android.ActiveCfg = Release|Any CPU
		{11CDC8C2-4D23-41EB-A16A-69AEBEE13C43}.AppStore|Android.Build.0 = Release|Any CPU
		{11CDC8C2-4D23-41EB-A16A-69AEBEE13C43}.AppStore|Android.Deploy.0 = Release|Any CPU
		{11CDC8C2-4D23-41EB-A16A-69AEBEE13C43}.AppStore|iPhone.ActiveCfg = Release|Any CPU
		{11CDC8C2-4D23-41EB-A16A-69AEBEE13C43}.AppStore|iPhoneSimulator.ActiveCfg = Debug|Any CPU
		{11CDC8C2-4D23-41EB-A16A-69AEBEE13C43}.AppStore|WindowsPhone.ActiveCfg = Release|Any CPU
		{11CDC8C2-4D23-41EB-A16A-69AEBEE13C43}.Debug|Android.ActiveCfg = Debug|Any CPU
		{11CDC8C2-4D23-41EB-A16A-69AEBEE13C43}.Debug|Android.Build.0 = Debug|Any CPU
		{11CDC8C2-4D23-41EB-A16A-69AEBEE13C43}.Debug|Android.Deploy.0 = Debug|Any CPU
		{11CDC8C2-4D23-41EB-A16A-69AEBEE13C43}.Debug|iPhone.ActiveCfg = Debug|Any CPU
		{11CDC8C2-4D23-41EB-A16A-69AEBEE13C43}.Debug|iPhoneSimulator.ActiveCfg = Debug|Any CPU
		{11CDC8C2-4D23-41EB-A16A-69AEBEE13C43}.Debug|WindowsPhone.ActiveCfg = Debug|Any CPU
		{11CDC8C2-4D23-41EB-A16A-69AEBEE13C43}.Release|Android.ActiveCfg = Release|Any CPU
		{11CDC8C2-4D23-41EB-A16A-69AEBEE13C43}.Release|Android.Build.0 = Release|Any CPU
		{11CDC8C2-4D23-41EB-A16A-69AEBEE13C43}.Release|Android.Deploy.0 = Release|Any CPU
		{11CDC8C2-4D23-41EB-A16A-69AEBEE13C43}.Release|iPhone.ActiveCfg = Release|Any CPU
		{11CDC8C2-4D23-41EB-A16A-69AEBEE13C43}.Release|iPhoneSimulator.ActiveCfg = Release|Any CPU
		{11CDC8C2-4D23-41EB-A16A-69AEBEE13C43}.Release|WindowsPhone.ActiveCfg = Release|Any CPU
		{390A2E3C-2D2D-4F04-87F8-52FFD9D57E99}.Ad-Hoc|Android.ActiveCfg = Ad-Hoc|Any CPU
		{390A2E3C-2D2D-4F04-87F8-52FFD9D57E99}.Ad-Hoc|iPhone.ActiveCfg = Ad-Hoc|iPhone
		{390A2E3C-2D2D-4F04-87F8-52FFD9D57E99}.Ad-Hoc|iPhone.Build.0 = Ad-Hoc|iPhone
		{390A2E3C-2D2D-4F04-87F8-52FFD9D57E99}.Ad-Hoc|iPhoneSimulator.ActiveCfg = Ad-Hoc|iPhoneSimulator
		{390A2E3C-2D2D-4F04-87F8-52FFD9D57E99}.Ad-Hoc|iPhoneSimulator.Build.0 = Ad-Hoc|iPhoneSimulator
		{390A2E3C-2D2D-4F04-87F8-52FFD9D57E99}.Ad-Hoc|iPhoneSimulator.Deploy.0 = Ad-Hoc|iPhoneSimulator
		{390A2E3C-2D2D-4F04-87F8-52FFD9D57E99}.Ad-Hoc|WindowsPhone.ActiveCfg = Ad-Hoc|Any CPU
		{390A2E3C-2D2D-4F04-87F8-52FFD9D57E99}.AppStore|Android.ActiveCfg = AppStore|Any CPU
		{390A2E3C-2D2D-4F04-87F8-52FFD9D57E99}.AppStore|iPhone.ActiveCfg = AppStore|iPhone
		{390A2E3C-2D2D-4F04-87F8-52FFD9D57E99}.AppStore|iPhone.Build.0 = AppStore|iPhone
		{390A2E3C-2D2D-4F04-87F8-52FFD9D57E99}.AppStore|iPhoneSimulator.ActiveCfg = AppStore|iPhoneSimulator
		{390A2E3C-2D2D-4F04-87F8-52FFD9D57E99}.AppStore|iPhoneSimulator.Build.0 = AppStore|iPhoneSimulator
		{390A2E3C-2D2D-4F04-87F8-52FFD9D57E99}.AppStore|WindowsPhone.ActiveCfg = AppStore|Any CPU
		{390A2E3C-2D2D-4F04-87F8-52FFD9D57E99}.Debug|Android.ActiveCfg = Debug|Any CPU
		{390A2E3C-2D2D-4F04-87F8-52FFD9D57E99}.Debug|iPhone.ActiveCfg = Debug|iPhone
		{390A2E3C-2D2D-4F04-87F8-52FFD9D57E99}.Debug|iPhone.Build.0 = Debug|iPhone
		{390A2E3C-2D2D-4F04-87F8-52FFD9D57E99}.Debug|iPhoneSimulator.ActiveCfg = Debug|iPhoneSimulator
		{390A2E3C-2D2D-4F04-87F8-52FFD9D57E99}.Debug|iPhoneSimulator.Build.0 = Debug|iPhoneSimulator
		{390A2E3C-2D2D-4F04-87F8-52FFD9D57E99}.Debug|WindowsPhone.ActiveCfg = Debug|Any CPU
		{390A2E3C-2D2D-4F04-87F8-52FFD9D57E99}.Release|Android.ActiveCfg = Release|Any CPU
		{390A2E3C-2D2D-4F04-87F8-52FFD9D57E99}.Release|iPhone.ActiveCfg = Release|iPhone
		{390A2E3C-2D2D-4F04-87F8-52FFD9D57E99}.Release|iPhone.Build.0 = Release|iPhone
		{390A2E3C-2D2D-4F04-87F8-52FFD9D57E99}.Release|iPhoneSimulator.ActiveCfg = Release|iPhoneSimulator
		{390A2E3C-2D2D-4F04-87F8-52FFD9D57E99}.Release|iPhoneSimulator.Build.0 = Release|iPhoneSimulator
		{390A2E3C-2D2D-4F04-87F8-52FFD9D57E99}.Release|WindowsPhone.ActiveCfg = Release|Any CPU
		{2A6DB0BE-90C1-4AEE-ADE1-31BB10231AA3}.Ad-Hoc|Android.ActiveCfg = Release|Any CPU
		{2A6DB0BE-90C1-4AEE-ADE1-31BB10231AA3}.Ad-Hoc|iPhone.ActiveCfg = Release|Any CPU
		{2A6DB0BE-90C1-4AEE-ADE1-31BB10231AA3}.Ad-Hoc|iPhoneSimulator.ActiveCfg = Release|Any CPU
		{2A6DB0BE-90C1-4AEE-ADE1-31BB10231AA3}.Ad-Hoc|WindowsPhone.ActiveCfg = Release|Any CPU
		{2A6DB0BE-90C1-4AEE-ADE1-31BB10231AA3}.Ad-Hoc|WindowsPhone.Build.0 = Release|Any CPU
		{2A6DB0BE-90C1-4AEE-ADE1-31BB10231AA3}.Ad-Hoc|WindowsPhone.Deploy.0 = Release|Any CPU
		{2A6DB0BE-90C1-4AEE-ADE1-31BB10231AA3}.AppStore|Android.ActiveCfg = Release|Any CPU
		{2A6DB0BE-90C1-4AEE-ADE1-31BB10231AA3}.AppStore|iPhone.ActiveCfg = Release|Any CPU
		{2A6DB0BE-90C1-4AEE-ADE1-31BB10231AA3}.AppStore|iPhoneSimulator.ActiveCfg = Debug|Any CPU
		{2A6DB0BE-90C1-4AEE-ADE1-31BB10231AA3}.AppStore|WindowsPhone.ActiveCfg = Release|Any CPU
		{2A6DB0BE-90C1-4AEE-ADE1-31BB10231AA3}.AppStore|WindowsPhone.Build.0 = Release|Any CPU
		{2A6DB0BE-90C1-4AEE-ADE1-31BB10231AA3}.AppStore|WindowsPhone.Deploy.0 = Release|Any CPU
		{2A6DB0BE-90C1-4AEE-ADE1-31BB10231AA3}.Debug|Android.ActiveCfg = Debug|Any CPU
		{2A6DB0BE-90C1-4AEE-ADE1-31BB10231AA3}.Debug|iPhone.ActiveCfg = Debug|Any CPU
		{2A6DB0BE-90C1-4AEE-ADE1-31BB10231AA3}.Debug|iPhoneSimulator.ActiveCfg = Debug|Any CPU
		{2A6DB0BE-90C1-4AEE-ADE1-31BB10231AA3}.Debug|WindowsPhone.ActiveCfg = Debug|Any CPU
		{2A6DB0BE-90C1-4AEE-ADE1-31BB10231AA3}.Debug|WindowsPhone.Build.0 = Debug|Any CPU
		{2A6DB0BE-90C1-4AEE-ADE1-31BB10231AA3}.Debug|WindowsPhone.Deploy.0 = Debug|Any CPU
		{2A6DB0BE-90C1-4AEE-ADE1-31BB10231AA3}.Release|Android.ActiveCfg = Release|Any CPU
		{2A6DB0BE-90C1-4AEE-ADE1-31BB10231AA3}.Release|iPhone.ActiveCfg = Release|Any CPU
		{2A6DB0BE-90C1-4AEE-ADE1-31BB10231AA3}.Release|iPhoneSimulator.ActiveCfg = Release|Any CPU
		{2A6DB0BE-90C1-4AEE-ADE1-31BB10231AA3}.Release|iPhoneSimulator.Deploy.0 = Release|Any CPU
		{2A6DB0BE-90C1-4AEE-ADE1-31BB10231AA3}.Release|WindowsPhone.ActiveCfg = Release|Any CPU
		{2A6DB0BE-90C1-4AEE-ADE1-31BB10231AA3}.Release|WindowsPhone.Build.0 = Release|Any CPU
		{2A6DB0BE-90C1-4AEE-ADE1-31BB10231AA3}.Release|WindowsPhone.Deploy.0 = Release|Any CPU
		{961E4335-FF6F-44D2-B6C8-81010CAE166E}.Ad-Hoc|Android.ActiveCfg = Release|Any CPU
		{961E4335-FF6F-44D2-B6C8-81010CAE166E}.Ad-Hoc|Android.Build.0 = Release|Any CPU
		{961E4335-FF6F-44D2-B6C8-81010CAE166E}.Ad-Hoc|iPhone.ActiveCfg = Release|Any CPU
		{961E4335-FF6F-44D2-B6C8-81010CAE166E}.Ad-Hoc|iPhone.Build.0 = Release|Any CPU
		{961E4335-FF6F-44D2-B6C8-81010CAE166E}.Ad-Hoc|iPhoneSimulator.ActiveCfg = Release|Any CPU
		{961E4335-FF6F-44D2-B6C8-81010CAE166E}.Ad-Hoc|iPhoneSimulator.Build.0 = Release|Any CPU
		{961E4335-FF6F-44D2-B6C8-81010CAE166E}.Ad-Hoc|WindowsPhone.ActiveCfg = Release|Any CPU
		{961E4335-FF6F-44D2-B6C8-81010CAE166E}.Ad-Hoc|WindowsPhone.Build.0 = Release|Any CPU
		{961E4335-FF6F-44D2-B6C8-81010CAE166E}.AppStore|Android.ActiveCfg = Release|Any CPU
		{961E4335-FF6F-44D2-B6C8-81010CAE166E}.AppStore|Android.Build.0 = Release|Any CPU
		{961E4335-FF6F-44D2-B6C8-81010CAE166E}.AppStore|iPhone.ActiveCfg = Release|Any CPU
		{961E4335-FF6F-44D2-B6C8-81010CAE166E}.AppStore|iPhone.Build.0 = Release|Any CPU
		{961E4335-FF6F-44D2-B6C8-81010CAE166E}.AppStore|iPhoneSimulator.ActiveCfg = Debug|Any CPU
		{961E4335-FF6F-44D2-B6C8-81010CAE166E}.AppStore|iPhoneSimulator.Build.0 = Debug|Any CPU
		{961E4335-FF6F-44D2-B6C8-81010CAE166E}.AppStore|WindowsPhone.ActiveCfg = Release|Any CPU
		{961E4335-FF6F-44D2-B6C8-81010CAE166E}.AppStore|WindowsPhone.Build.0 = Release|Any CPU
		{961E4335-FF6F-44D2-B6C8-81010CAE166E}.Debug|Android.ActiveCfg = Debug|Any CPU
		{961E4335-FF6F-44D2-B6C8-81010CAE166E}.Debug|Android.Build.0 = Debug|Any CPU
		{961E4335-FF6F-44D2-B6C8-81010CAE166E}.Debug|iPhone.ActiveCfg = Debug|Any CPU
		{961E4335-FF6F-44D2-B6C8-81010CAE166E}.Debug|iPhone.Build.0 = Debug|Any CPU
		{961E4335-FF6F-44D2-B6C8-81010CAE166E}.Debug|iPhoneSimulator.ActiveCfg = Debug|Any CPU
		{961E4335-FF6F-44D2-B6C8-81010CAE166E}.Debug|iPhoneSimulator.Build.0 = Debug|Any CPU
		{961E4335-FF6F-44D2-B6C8-81010CAE166E}.Debug|WindowsPhone.ActiveCfg = Debug|Any CPU
		{961E4335-FF6F-44D2-B6C8-81010CAE166E}.Debug|WindowsPhone.Build.0 = Debug|Any CPU
		{961E4335-FF6F-44D2-B6C8-81010CAE166E}.Release|Android.ActiveCfg = Release|Any CPU
		{961E4335-FF6F-44D2-B6C8-81010CAE166E}.Release|Android.Build.0 = Release|Any CPU
		{961E4335-FF6F-44D2-B6C8-81010CAE166E}.Release|iPhone.ActiveCfg = Release|Any CPU
		{961E4335-FF6F-44D2-B6C8-81010CAE166E}.Release|iPhone.Build.0 = Release|Any CPU
		{961E4335-FF6F-44D2-B6C8-81010CAE166E}.Release|iPhoneSimulator.ActiveCfg = Release|Any CPU
		{961E4335-FF6F-44D2-B6C8-81010CAE166E}.Release|iPhoneSimulator.Build.0 = Release|Any CPU
		{961E4335-FF6F-44D2-B6C8-81010CAE166E}.Release|WindowsPhone.ActiveCfg = Release|Any CPU
		{961E4335-FF6F-44D2-B6C8-81010CAE166E}.Release|WindowsPhone.Build.0 = Release|Any CPU
	EndGlobalSection
	GlobalSection(SolutionProperties) = preSolution
		HideSolutionNode = FALSE
	EndGlobalSection
EndGlobal
