
Microsoft Visual Studio Solution File, Format Version 12.00
# Visual Studio 2013
VisualStudioVersion = 12.0.31101.0
MinimumVisualStudioVersion = 10.0.40219.1
Project("{FAE04EC0-301F-11D3-BF4B-00C04F79EFBC}") = "TrainShedule-HubVersion", "TrainShedule-HubVersion\TrainShedule-HubVersion.csproj", "{FFD898BB-0027-441C-AF56-4F4950CE1437}"
EndProject
Project("{FAE04EC0-301F-11D3-BF4B-00C04F79EFBC}") = "TrainSearch", "TrainSearch\TrainSearch.csproj", "{506431D8-C791-4ECE-891E-D2BEFF443620}"
EndProject
Global
	GlobalSection(SolutionConfigurationPlatforms) = preSolution
		Debug|Any CPU = Debug|Any CPU
		Debug|ARM = Debug|ARM
		Debug|x86 = Debug|x86
		Release|Any CPU = Release|Any CPU
		Release|ARM = Release|ARM
		Release|x86 = Release|x86
	EndGlobalSection
	GlobalSection(ProjectConfigurationPlatforms) = postSolution
		{FFD898BB-0027-441C-AF56-4F4950CE1437}.Debug|Any CPU.ActiveCfg = Debug|Any CPU
		{FFD898BB-0027-441C-AF56-4F4950CE1437}.Debug|Any CPU.Build.0 = Debug|Any CPU
		{FFD898BB-0027-441C-AF56-4F4950CE1437}.Debug|Any CPU.Deploy.0 = Debug|Any CPU
		{FFD898BB-0027-441C-AF56-4F4950CE1437}.Debug|ARM.ActiveCfg = Debug|ARM
		{FFD898BB-0027-441C-AF56-4F4950CE1437}.Debug|ARM.Build.0 = Debug|ARM
		{FFD898BB-0027-441C-AF56-4F4950CE1437}.Debug|ARM.Deploy.0 = Debug|ARM
		{FFD898BB-0027-441C-AF56-4F4950CE1437}.Debug|x86.ActiveCfg = Debug|x86
		{FFD898BB-0027-441C-AF56-4F4950CE1437}.Debug|x86.Build.0 = Debug|x86
		{FFD898BB-0027-441C-AF56-4F4950CE1437}.Debug|x86.Deploy.0 = Debug|x86
		{FFD898BB-0027-441C-AF56-4F4950CE1437}.Release|Any CPU.ActiveCfg = Release|Any CPU
		{FFD898BB-0027-441C-AF56-4F4950CE1437}.Release|Any CPU.Build.0 = Release|Any CPU
		{FFD898BB-0027-441C-AF56-4F4950CE1437}.Release|Any CPU.Deploy.0 = Release|Any CPU
		{FFD898BB-0027-441C-AF56-4F4950CE1437}.Release|ARM.ActiveCfg = Release|ARM
		{FFD898BB-0027-441C-AF56-4F4950CE1437}.Release|ARM.Build.0 = Release|ARM
		{FFD898BB-0027-441C-AF56-4F4950CE1437}.Release|ARM.Deploy.0 = Release|ARM
		{FFD898BB-0027-441C-AF56-4F4950CE1437}.Release|x86.ActiveCfg = Release|x86
		{FFD898BB-0027-441C-AF56-4F4950CE1437}.Release|x86.Build.0 = Release|x86
		{FFD898BB-0027-441C-AF56-4F4950CE1437}.Release|x86.Deploy.0 = Release|x86
		{506431D8-C791-4ECE-891E-D2BEFF443620}.Debug|Any CPU.ActiveCfg = Debug|Any CPU
		{506431D8-C791-4ECE-891E-D2BEFF443620}.Debug|Any CPU.Build.0 = Debug|Any CPU
		{506431D8-C791-4ECE-891E-D2BEFF443620}.Debug|ARM.ActiveCfg = Debug|ARM
		{506431D8-C791-4ECE-891E-D2BEFF443620}.Debug|ARM.Build.0 = Debug|ARM
		{506431D8-C791-4ECE-891E-D2BEFF443620}.Debug|x86.ActiveCfg = Debug|x86
		{506431D8-C791-4ECE-891E-D2BEFF443620}.Debug|x86.Build.0 = Debug|x86
		{506431D8-C791-4ECE-891E-D2BEFF443620}.Release|Any CPU.ActiveCfg = Release|Any CPU
		{506431D8-C791-4ECE-891E-D2BEFF443620}.Release|Any CPU.Build.0 = Release|Any CPU
		{506431D8-C791-4ECE-891E-D2BEFF443620}.Release|ARM.ActiveCfg = Release|ARM
		{506431D8-C791-4ECE-891E-D2BEFF443620}.Release|ARM.Build.0 = Release|ARM
		{506431D8-C791-4ECE-891E-D2BEFF443620}.Release|x86.ActiveCfg = Release|x86
		{506431D8-C791-4ECE-891E-D2BEFF443620}.Release|x86.Build.0 = Release|x86
	EndGlobalSection
	GlobalSection(SolutionProperties) = preSolution
		HideSolutionNode = FALSE
	EndGlobalSection
EndGlobal
