
Microsoft Visual Studio Solution File, Format Version 12.00
# Visual Studio 14
VisualStudioVersion = 14.0.24720.0
MinimumVisualStudioVersion = 10.0.40219.1
Project("{FAE04EC0-301F-11D3-BF4B-00C04F79EFBC}") = "Trains.Core", "Trains.Core\Trains.Core.csproj", "{D5769CED-2D11-4058-8894-ACD18A90CD5A}"
EndProject
Project("{FAE04EC0-301F-11D3-BF4B-00C04F79EFBC}") = "Trains.Model", "Trains.Model\Trains.Model.csproj", "{73F82F72-521E-4F11-AA97-9A377E8CBE3E}"
EndProject
Project("{FAE04EC0-301F-11D3-BF4B-00C04F79EFBC}") = "Trains.Droid", "Trains.Droid\Trains.Droid.csproj", "{11CDC8C2-4D23-41EB-A16A-69AEBEE13C43}"
EndProject
Project("{FAE04EC0-301F-11D3-BF4B-00C04F79EFBC}") = "Trains.Touch", "Trains.Touch\Trains.Touch.csproj", "{390A2E3C-2D2D-4F04-87F8-52FFD9D57E99}"
EndProject
Project("{FAE04EC0-301F-11D3-BF4B-00C04F79EFBC}") = "Trains.WP", "Trains.WP\Trains.WP.csproj", "{2A6DB0BE-90C1-4AEE-ADE1-31BB10231AA3}"
EndProject
Project("{2150E333-8FDC-42A3-9474-1A3956D46DE8}") = ".nuget", ".nuget", "{83495263-0BED-4D9F-A0B0-AA39038F0ABA}"
	ProjectSection(SolutionItems) = preProject
		.nuget\NuGet.Config = .nuget\NuGet.Config
		.nuget\NuGet.exe = .nuget\NuGet.exe
		.nuget\NuGet.targets = .nuget\NuGet.targets
	EndProjectSection
EndProject
Project("{FAE04EC0-301F-11D3-BF4B-00C04F79EFBC}") = "Metrica", "Metrica\Metrica.csproj", "{961E4335-FF6F-44D2-B6C8-81010CAE166E}"
EndProject
Project("{FAE04EC0-301F-11D3-BF4B-00C04F79EFBC}") = "Trains.Universal", "Trains.Universal\Trains.Universal.csproj", "{6A372284-78B1-4822-B79B-5BC5D8E1ED77}"
EndProject
Project("{FAE04EC0-301F-11D3-BF4B-00C04F79EFBC}") = "Trains.Infrastructure", "Trains.Infrastructure\Trains.Infrastructure\Trains.Infrastructure.csproj", "{4492829F-D1B3-4ADF-A7E5-9F0DC3E312D3}"
EndProject
Project("{FAE04EC0-301F-11D3-BF4B-00C04F79EFBC}") = "Trains.Services", "Trains.Services\Trains.Services.csproj", "{EE6F913D-7EF7-4887-A433-E1532167774B}"
EndProject
Global
	GlobalSection(SolutionConfigurationPlatforms) = preSolution
		Ad-Hoc|Android = Ad-Hoc|Android
		Ad-Hoc|Any CPU = Ad-Hoc|Any CPU
		Ad-Hoc|ARM = Ad-Hoc|ARM
		Ad-Hoc|iPhone = Ad-Hoc|iPhone
		Ad-Hoc|iPhoneSimulator = Ad-Hoc|iPhoneSimulator
		Ad-Hoc|WindowsPhone = Ad-Hoc|WindowsPhone
		Ad-Hoc|x64 = Ad-Hoc|x64
		Ad-Hoc|x86 = Ad-Hoc|x86
		AppStore|Android = AppStore|Android
		AppStore|Any CPU = AppStore|Any CPU
		AppStore|ARM = AppStore|ARM
		AppStore|iPhone = AppStore|iPhone
		AppStore|iPhoneSimulator = AppStore|iPhoneSimulator
		AppStore|WindowsPhone = AppStore|WindowsPhone
		AppStore|x64 = AppStore|x64
		AppStore|x86 = AppStore|x86
		Debug|Android = Debug|Android
		Debug|Any CPU = Debug|Any CPU
		Debug|ARM = Debug|ARM
		Debug|iPhone = Debug|iPhone
		Debug|iPhoneSimulator = Debug|iPhoneSimulator
		Debug|WindowsPhone = Debug|WindowsPhone
		Debug|x64 = Debug|x64
		Debug|x86 = Debug|x86
		Release|Android = Release|Android
		Release|Any CPU = Release|Any CPU
		Release|ARM = Release|ARM
		Release|iPhone = Release|iPhone
		Release|iPhoneSimulator = Release|iPhoneSimulator
		Release|WindowsPhone = Release|WindowsPhone
		Release|x64 = Release|x64
		Release|x86 = Release|x86
	EndGlobalSection
	GlobalSection(ProjectConfigurationPlatforms) = postSolution
		{D5769CED-2D11-4058-8894-ACD18A90CD5A}.Ad-Hoc|Android.ActiveCfg = Release|Any CPU
		{D5769CED-2D11-4058-8894-ACD18A90CD5A}.Ad-Hoc|Android.Build.0 = Release|Any CPU
		{D5769CED-2D11-4058-8894-ACD18A90CD5A}.Ad-Hoc|Any CPU.ActiveCfg = Debug|Any CPU
		{D5769CED-2D11-4058-8894-ACD18A90CD5A}.Ad-Hoc|Any CPU.Build.0 = Debug|Any CPU
		{D5769CED-2D11-4058-8894-ACD18A90CD5A}.Ad-Hoc|ARM.ActiveCfg = Debug|Any CPU
		{D5769CED-2D11-4058-8894-ACD18A90CD5A}.Ad-Hoc|ARM.Build.0 = Debug|Any CPU
		{D5769CED-2D11-4058-8894-ACD18A90CD5A}.Ad-Hoc|iPhone.ActiveCfg = Release|Any CPU
		{D5769CED-2D11-4058-8894-ACD18A90CD5A}.Ad-Hoc|iPhone.Build.0 = Release|Any CPU
		{D5769CED-2D11-4058-8894-ACD18A90CD5A}.Ad-Hoc|iPhoneSimulator.ActiveCfg = Release|Any CPU
		{D5769CED-2D11-4058-8894-ACD18A90CD5A}.Ad-Hoc|iPhoneSimulator.Build.0 = Release|Any CPU
		{D5769CED-2D11-4058-8894-ACD18A90CD5A}.Ad-Hoc|WindowsPhone.ActiveCfg = Release|Any CPU
		{D5769CED-2D11-4058-8894-ACD18A90CD5A}.Ad-Hoc|WindowsPhone.Build.0 = Release|Any CPU
		{D5769CED-2D11-4058-8894-ACD18A90CD5A}.Ad-Hoc|x64.ActiveCfg = Debug|Any CPU
		{D5769CED-2D11-4058-8894-ACD18A90CD5A}.Ad-Hoc|x64.Build.0 = Debug|Any CPU
		{D5769CED-2D11-4058-8894-ACD18A90CD5A}.Ad-Hoc|x86.ActiveCfg = Debug|Any CPU
		{D5769CED-2D11-4058-8894-ACD18A90CD5A}.Ad-Hoc|x86.Build.0 = Debug|Any CPU
		{D5769CED-2D11-4058-8894-ACD18A90CD5A}.AppStore|Android.ActiveCfg = Release|Any CPU
		{D5769CED-2D11-4058-8894-ACD18A90CD5A}.AppStore|Android.Build.0 = Release|Any CPU
		{D5769CED-2D11-4058-8894-ACD18A90CD5A}.AppStore|Any CPU.ActiveCfg = Debug|Any CPU
		{D5769CED-2D11-4058-8894-ACD18A90CD5A}.AppStore|Any CPU.Build.0 = Debug|Any CPU
		{D5769CED-2D11-4058-8894-ACD18A90CD5A}.AppStore|ARM.ActiveCfg = Debug|Any CPU
		{D5769CED-2D11-4058-8894-ACD18A90CD5A}.AppStore|ARM.Build.0 = Debug|Any CPU
		{D5769CED-2D11-4058-8894-ACD18A90CD5A}.AppStore|iPhone.ActiveCfg = Release|Any CPU
		{D5769CED-2D11-4058-8894-ACD18A90CD5A}.AppStore|iPhone.Build.0 = Release|Any CPU
		{D5769CED-2D11-4058-8894-ACD18A90CD5A}.AppStore|iPhoneSimulator.ActiveCfg = Debug|Any CPU
		{D5769CED-2D11-4058-8894-ACD18A90CD5A}.AppStore|iPhoneSimulator.Build.0 = Debug|Any CPU
		{D5769CED-2D11-4058-8894-ACD18A90CD5A}.AppStore|WindowsPhone.ActiveCfg = Release|Any CPU
		{D5769CED-2D11-4058-8894-ACD18A90CD5A}.AppStore|WindowsPhone.Build.0 = Release|Any CPU
		{D5769CED-2D11-4058-8894-ACD18A90CD5A}.AppStore|x64.ActiveCfg = Debug|Any CPU
		{D5769CED-2D11-4058-8894-ACD18A90CD5A}.AppStore|x64.Build.0 = Debug|Any CPU
		{D5769CED-2D11-4058-8894-ACD18A90CD5A}.AppStore|x86.ActiveCfg = Debug|Any CPU
		{D5769CED-2D11-4058-8894-ACD18A90CD5A}.AppStore|x86.Build.0 = Debug|Any CPU
		{D5769CED-2D11-4058-8894-ACD18A90CD5A}.Debug|Android.ActiveCfg = Debug|Any CPU
		{D5769CED-2D11-4058-8894-ACD18A90CD5A}.Debug|Android.Build.0 = Debug|Any CPU
		{D5769CED-2D11-4058-8894-ACD18A90CD5A}.Debug|Any CPU.ActiveCfg = Debug|Any CPU
		{D5769CED-2D11-4058-8894-ACD18A90CD5A}.Debug|Any CPU.Build.0 = Debug|Any CPU
		{D5769CED-2D11-4058-8894-ACD18A90CD5A}.Debug|ARM.ActiveCfg = Debug|Any CPU
		{D5769CED-2D11-4058-8894-ACD18A90CD5A}.Debug|ARM.Build.0 = Debug|Any CPU
		{D5769CED-2D11-4058-8894-ACD18A90CD5A}.Debug|iPhone.ActiveCfg = Debug|Any CPU
		{D5769CED-2D11-4058-8894-ACD18A90CD5A}.Debug|iPhone.Build.0 = Debug|Any CPU
		{D5769CED-2D11-4058-8894-ACD18A90CD5A}.Debug|iPhoneSimulator.ActiveCfg = Debug|Any CPU
		{D5769CED-2D11-4058-8894-ACD18A90CD5A}.Debug|iPhoneSimulator.Build.0 = Debug|Any CPU
		{D5769CED-2D11-4058-8894-ACD18A90CD5A}.Debug|WindowsPhone.ActiveCfg = Debug|Any CPU
		{D5769CED-2D11-4058-8894-ACD18A90CD5A}.Debug|WindowsPhone.Build.0 = Debug|Any CPU
		{D5769CED-2D11-4058-8894-ACD18A90CD5A}.Debug|x64.ActiveCfg = Debug|Any CPU
		{D5769CED-2D11-4058-8894-ACD18A90CD5A}.Debug|x64.Build.0 = Debug|Any CPU
		{D5769CED-2D11-4058-8894-ACD18A90CD5A}.Debug|x86.ActiveCfg = Debug|Any CPU
		{D5769CED-2D11-4058-8894-ACD18A90CD5A}.Debug|x86.Build.0 = Debug|Any CPU
		{D5769CED-2D11-4058-8894-ACD18A90CD5A}.Release|Android.ActiveCfg = Release|Any CPU
		{D5769CED-2D11-4058-8894-ACD18A90CD5A}.Release|Android.Build.0 = Release|Any CPU
		{D5769CED-2D11-4058-8894-ACD18A90CD5A}.Release|Any CPU.ActiveCfg = Release|Any CPU
		{D5769CED-2D11-4058-8894-ACD18A90CD5A}.Release|Any CPU.Build.0 = Release|Any CPU
		{D5769CED-2D11-4058-8894-ACD18A90CD5A}.Release|ARM.ActiveCfg = Release|Any CPU
		{D5769CED-2D11-4058-8894-ACD18A90CD5A}.Release|ARM.Build.0 = Release|Any CPU
		{D5769CED-2D11-4058-8894-ACD18A90CD5A}.Release|iPhone.ActiveCfg = Release|Any CPU
		{D5769CED-2D11-4058-8894-ACD18A90CD5A}.Release|iPhone.Build.0 = Release|Any CPU
		{D5769CED-2D11-4058-8894-ACD18A90CD5A}.Release|iPhoneSimulator.ActiveCfg = Release|Any CPU
		{D5769CED-2D11-4058-8894-ACD18A90CD5A}.Release|iPhoneSimulator.Build.0 = Release|Any CPU
		{D5769CED-2D11-4058-8894-ACD18A90CD5A}.Release|iPhoneSimulator.Deploy.0 = Release|Any CPU
		{D5769CED-2D11-4058-8894-ACD18A90CD5A}.Release|WindowsPhone.ActiveCfg = Release|Any CPU
		{D5769CED-2D11-4058-8894-ACD18A90CD5A}.Release|WindowsPhone.Build.0 = Release|Any CPU
		{D5769CED-2D11-4058-8894-ACD18A90CD5A}.Release|x64.ActiveCfg = Release|Any CPU
		{D5769CED-2D11-4058-8894-ACD18A90CD5A}.Release|x64.Build.0 = Release|Any CPU
		{D5769CED-2D11-4058-8894-ACD18A90CD5A}.Release|x86.ActiveCfg = Release|Any CPU
		{D5769CED-2D11-4058-8894-ACD18A90CD5A}.Release|x86.Build.0 = Release|Any CPU
		{73F82F72-521E-4F11-AA97-9A377E8CBE3E}.Ad-Hoc|Android.ActiveCfg = Release|Any CPU
		{73F82F72-521E-4F11-AA97-9A377E8CBE3E}.Ad-Hoc|Android.Build.0 = Release|Any CPU
		{73F82F72-521E-4F11-AA97-9A377E8CBE3E}.Ad-Hoc|Any CPU.ActiveCfg = Debug|Any CPU
		{73F82F72-521E-4F11-AA97-9A377E8CBE3E}.Ad-Hoc|Any CPU.Build.0 = Debug|Any CPU
		{73F82F72-521E-4F11-AA97-9A377E8CBE3E}.Ad-Hoc|ARM.ActiveCfg = Debug|Any CPU
		{73F82F72-521E-4F11-AA97-9A377E8CBE3E}.Ad-Hoc|ARM.Build.0 = Debug|Any CPU
		{73F82F72-521E-4F11-AA97-9A377E8CBE3E}.Ad-Hoc|iPhone.ActiveCfg = Release|Any CPU
		{73F82F72-521E-4F11-AA97-9A377E8CBE3E}.Ad-Hoc|iPhone.Build.0 = Release|Any CPU
		{73F82F72-521E-4F11-AA97-9A377E8CBE3E}.Ad-Hoc|iPhoneSimulator.ActiveCfg = Release|Any CPU
		{73F82F72-521E-4F11-AA97-9A377E8CBE3E}.Ad-Hoc|iPhoneSimulator.Build.0 = Release|Any CPU
		{73F82F72-521E-4F11-AA97-9A377E8CBE3E}.Ad-Hoc|WindowsPhone.ActiveCfg = Release|Any CPU
		{73F82F72-521E-4F11-AA97-9A377E8CBE3E}.Ad-Hoc|WindowsPhone.Build.0 = Release|Any CPU
		{73F82F72-521E-4F11-AA97-9A377E8CBE3E}.Ad-Hoc|x64.ActiveCfg = Debug|Any CPU
		{73F82F72-521E-4F11-AA97-9A377E8CBE3E}.Ad-Hoc|x64.Build.0 = Debug|Any CPU
		{73F82F72-521E-4F11-AA97-9A377E8CBE3E}.Ad-Hoc|x86.ActiveCfg = Debug|Any CPU
		{73F82F72-521E-4F11-AA97-9A377E8CBE3E}.Ad-Hoc|x86.Build.0 = Debug|Any CPU
		{73F82F72-521E-4F11-AA97-9A377E8CBE3E}.AppStore|Android.ActiveCfg = Release|Any CPU
		{73F82F72-521E-4F11-AA97-9A377E8CBE3E}.AppStore|Android.Build.0 = Release|Any CPU
		{73F82F72-521E-4F11-AA97-9A377E8CBE3E}.AppStore|Any CPU.ActiveCfg = Debug|Any CPU
		{73F82F72-521E-4F11-AA97-9A377E8CBE3E}.AppStore|Any CPU.Build.0 = Debug|Any CPU
		{73F82F72-521E-4F11-AA97-9A377E8CBE3E}.AppStore|ARM.ActiveCfg = Debug|Any CPU
		{73F82F72-521E-4F11-AA97-9A377E8CBE3E}.AppStore|ARM.Build.0 = Debug|Any CPU
		{73F82F72-521E-4F11-AA97-9A377E8CBE3E}.AppStore|iPhone.ActiveCfg = Release|Any CPU
		{73F82F72-521E-4F11-AA97-9A377E8CBE3E}.AppStore|iPhone.Build.0 = Release|Any CPU
		{73F82F72-521E-4F11-AA97-9A377E8CBE3E}.AppStore|iPhoneSimulator.ActiveCfg = Debug|Any CPU
		{73F82F72-521E-4F11-AA97-9A377E8CBE3E}.AppStore|iPhoneSimulator.Build.0 = Debug|Any CPU
		{73F82F72-521E-4F11-AA97-9A377E8CBE3E}.AppStore|WindowsPhone.ActiveCfg = Release|Any CPU
		{73F82F72-521E-4F11-AA97-9A377E8CBE3E}.AppStore|WindowsPhone.Build.0 = Release|Any CPU
		{73F82F72-521E-4F11-AA97-9A377E8CBE3E}.AppStore|x64.ActiveCfg = Debug|Any CPU
		{73F82F72-521E-4F11-AA97-9A377E8CBE3E}.AppStore|x64.Build.0 = Debug|Any CPU
		{73F82F72-521E-4F11-AA97-9A377E8CBE3E}.AppStore|x86.ActiveCfg = Debug|Any CPU
		{73F82F72-521E-4F11-AA97-9A377E8CBE3E}.AppStore|x86.Build.0 = Debug|Any CPU
		{73F82F72-521E-4F11-AA97-9A377E8CBE3E}.Debug|Android.ActiveCfg = Debug|Any CPU
		{73F82F72-521E-4F11-AA97-9A377E8CBE3E}.Debug|Android.Build.0 = Debug|Any CPU
		{73F82F72-521E-4F11-AA97-9A377E8CBE3E}.Debug|Any CPU.ActiveCfg = Debug|Any CPU
		{73F82F72-521E-4F11-AA97-9A377E8CBE3E}.Debug|Any CPU.Build.0 = Debug|Any CPU
		{73F82F72-521E-4F11-AA97-9A377E8CBE3E}.Debug|ARM.ActiveCfg = Debug|Any CPU
		{73F82F72-521E-4F11-AA97-9A377E8CBE3E}.Debug|ARM.Build.0 = Debug|Any CPU
		{73F82F72-521E-4F11-AA97-9A377E8CBE3E}.Debug|iPhone.ActiveCfg = Debug|Any CPU
		{73F82F72-521E-4F11-AA97-9A377E8CBE3E}.Debug|iPhone.Build.0 = Debug|Any CPU
		{73F82F72-521E-4F11-AA97-9A377E8CBE3E}.Debug|iPhoneSimulator.ActiveCfg = Debug|Any CPU
		{73F82F72-521E-4F11-AA97-9A377E8CBE3E}.Debug|iPhoneSimulator.Build.0 = Debug|Any CPU
		{73F82F72-521E-4F11-AA97-9A377E8CBE3E}.Debug|WindowsPhone.ActiveCfg = Debug|Any CPU
		{73F82F72-521E-4F11-AA97-9A377E8CBE3E}.Debug|WindowsPhone.Build.0 = Debug|Any CPU
		{73F82F72-521E-4F11-AA97-9A377E8CBE3E}.Debug|x64.ActiveCfg = Debug|Any CPU
		{73F82F72-521E-4F11-AA97-9A377E8CBE3E}.Debug|x64.Build.0 = Debug|Any CPU
		{73F82F72-521E-4F11-AA97-9A377E8CBE3E}.Debug|x86.ActiveCfg = Debug|Any CPU
		{73F82F72-521E-4F11-AA97-9A377E8CBE3E}.Debug|x86.Build.0 = Debug|Any CPU
		{73F82F72-521E-4F11-AA97-9A377E8CBE3E}.Release|Android.ActiveCfg = Release|Any CPU
		{73F82F72-521E-4F11-AA97-9A377E8CBE3E}.Release|Android.Build.0 = Release|Any CPU
		{73F82F72-521E-4F11-AA97-9A377E8CBE3E}.Release|Any CPU.ActiveCfg = Release|Any CPU
		{73F82F72-521E-4F11-AA97-9A377E8CBE3E}.Release|Any CPU.Build.0 = Release|Any CPU
		{73F82F72-521E-4F11-AA97-9A377E8CBE3E}.Release|ARM.ActiveCfg = Release|Any CPU
		{73F82F72-521E-4F11-AA97-9A377E8CBE3E}.Release|ARM.Build.0 = Release|Any CPU
		{73F82F72-521E-4F11-AA97-9A377E8CBE3E}.Release|iPhone.ActiveCfg = Release|Any CPU
		{73F82F72-521E-4F11-AA97-9A377E8CBE3E}.Release|iPhone.Build.0 = Release|Any CPU
		{73F82F72-521E-4F11-AA97-9A377E8CBE3E}.Release|iPhoneSimulator.ActiveCfg = Release|Any CPU
		{73F82F72-521E-4F11-AA97-9A377E8CBE3E}.Release|iPhoneSimulator.Build.0 = Release|Any CPU
		{73F82F72-521E-4F11-AA97-9A377E8CBE3E}.Release|WindowsPhone.ActiveCfg = Release|Any CPU
		{73F82F72-521E-4F11-AA97-9A377E8CBE3E}.Release|WindowsPhone.Build.0 = Release|Any CPU
		{73F82F72-521E-4F11-AA97-9A377E8CBE3E}.Release|x64.ActiveCfg = Release|Any CPU
		{73F82F72-521E-4F11-AA97-9A377E8CBE3E}.Release|x64.Build.0 = Release|Any CPU
		{73F82F72-521E-4F11-AA97-9A377E8CBE3E}.Release|x86.ActiveCfg = Release|Any CPU
		{73F82F72-521E-4F11-AA97-9A377E8CBE3E}.Release|x86.Build.0 = Release|Any CPU
		{11CDC8C2-4D23-41EB-A16A-69AEBEE13C43}.Ad-Hoc|Android.ActiveCfg = Release|Any CPU
		{11CDC8C2-4D23-41EB-A16A-69AEBEE13C43}.Ad-Hoc|Android.Build.0 = Release|Any CPU
		{11CDC8C2-4D23-41EB-A16A-69AEBEE13C43}.Ad-Hoc|Android.Deploy.0 = Release|Any CPU
		{11CDC8C2-4D23-41EB-A16A-69AEBEE13C43}.Ad-Hoc|Any CPU.ActiveCfg = Debug|Any CPU
		{11CDC8C2-4D23-41EB-A16A-69AEBEE13C43}.Ad-Hoc|ARM.ActiveCfg = Debug|Any CPU
		{11CDC8C2-4D23-41EB-A16A-69AEBEE13C43}.Ad-Hoc|iPhone.ActiveCfg = Release|Any CPU
		{11CDC8C2-4D23-41EB-A16A-69AEBEE13C43}.Ad-Hoc|iPhoneSimulator.ActiveCfg = Release|Any CPU
		{11CDC8C2-4D23-41EB-A16A-69AEBEE13C43}.Ad-Hoc|WindowsPhone.ActiveCfg = Release|Any CPU
		{11CDC8C2-4D23-41EB-A16A-69AEBEE13C43}.Ad-Hoc|x64.ActiveCfg = Debug|Any CPU
		{11CDC8C2-4D23-41EB-A16A-69AEBEE13C43}.Ad-Hoc|x86.ActiveCfg = Debug|Any CPU
		{11CDC8C2-4D23-41EB-A16A-69AEBEE13C43}.AppStore|Android.ActiveCfg = Release|Any CPU
		{11CDC8C2-4D23-41EB-A16A-69AEBEE13C43}.AppStore|Android.Build.0 = Release|Any CPU
		{11CDC8C2-4D23-41EB-A16A-69AEBEE13C43}.AppStore|Android.Deploy.0 = Release|Any CPU
		{11CDC8C2-4D23-41EB-A16A-69AEBEE13C43}.AppStore|Any CPU.ActiveCfg = Debug|Any CPU
		{11CDC8C2-4D23-41EB-A16A-69AEBEE13C43}.AppStore|ARM.ActiveCfg = Debug|Any CPU
		{11CDC8C2-4D23-41EB-A16A-69AEBEE13C43}.AppStore|iPhone.ActiveCfg = Release|Any CPU
		{11CDC8C2-4D23-41EB-A16A-69AEBEE13C43}.AppStore|iPhoneSimulator.ActiveCfg = Debug|Any CPU
		{11CDC8C2-4D23-41EB-A16A-69AEBEE13C43}.AppStore|WindowsPhone.ActiveCfg = Release|Any CPU
		{11CDC8C2-4D23-41EB-A16A-69AEBEE13C43}.AppStore|x64.ActiveCfg = Debug|Any CPU
		{11CDC8C2-4D23-41EB-A16A-69AEBEE13C43}.AppStore|x86.ActiveCfg = Debug|Any CPU
		{11CDC8C2-4D23-41EB-A16A-69AEBEE13C43}.Debug|Android.ActiveCfg = Debug|Any CPU
		{11CDC8C2-4D23-41EB-A16A-69AEBEE13C43}.Debug|Android.Build.0 = Debug|Any CPU
		{11CDC8C2-4D23-41EB-A16A-69AEBEE13C43}.Debug|Android.Deploy.0 = Debug|Any CPU
		{11CDC8C2-4D23-41EB-A16A-69AEBEE13C43}.Debug|Any CPU.ActiveCfg = Debug|Any CPU
		{11CDC8C2-4D23-41EB-A16A-69AEBEE13C43}.Debug|ARM.ActiveCfg = Debug|Any CPU
		{11CDC8C2-4D23-41EB-A16A-69AEBEE13C43}.Debug|iPhone.ActiveCfg = Debug|Any CPU
		{11CDC8C2-4D23-41EB-A16A-69AEBEE13C43}.Debug|iPhoneSimulator.ActiveCfg = Debug|Any CPU
		{11CDC8C2-4D23-41EB-A16A-69AEBEE13C43}.Debug|WindowsPhone.ActiveCfg = Debug|Any CPU
		{11CDC8C2-4D23-41EB-A16A-69AEBEE13C43}.Debug|x64.ActiveCfg = Debug|Any CPU
		{11CDC8C2-4D23-41EB-A16A-69AEBEE13C43}.Debug|x86.ActiveCfg = Debug|Any CPU
		{11CDC8C2-4D23-41EB-A16A-69AEBEE13C43}.Release|Android.ActiveCfg = Release|Any CPU
		{11CDC8C2-4D23-41EB-A16A-69AEBEE13C43}.Release|Android.Build.0 = Release|Any CPU
		{11CDC8C2-4D23-41EB-A16A-69AEBEE13C43}.Release|Android.Deploy.0 = Release|Any CPU
		{11CDC8C2-4D23-41EB-A16A-69AEBEE13C43}.Release|Any CPU.ActiveCfg = Release|Any CPU
		{11CDC8C2-4D23-41EB-A16A-69AEBEE13C43}.Release|ARM.ActiveCfg = Release|Any CPU
		{11CDC8C2-4D23-41EB-A16A-69AEBEE13C43}.Release|iPhone.ActiveCfg = Release|Any CPU
		{11CDC8C2-4D23-41EB-A16A-69AEBEE13C43}.Release|iPhoneSimulator.ActiveCfg = Release|Any CPU
		{11CDC8C2-4D23-41EB-A16A-69AEBEE13C43}.Release|WindowsPhone.ActiveCfg = Release|Any CPU
		{11CDC8C2-4D23-41EB-A16A-69AEBEE13C43}.Release|x64.ActiveCfg = Release|Any CPU
		{11CDC8C2-4D23-41EB-A16A-69AEBEE13C43}.Release|x86.ActiveCfg = Release|Any CPU
		{390A2E3C-2D2D-4F04-87F8-52FFD9D57E99}.Ad-Hoc|Android.ActiveCfg = Ad-Hoc|Any CPU
		{390A2E3C-2D2D-4F04-87F8-52FFD9D57E99}.Ad-Hoc|Any CPU.ActiveCfg = Ad-Hoc|Any CPU
		{390A2E3C-2D2D-4F04-87F8-52FFD9D57E99}.Ad-Hoc|ARM.ActiveCfg = Ad-Hoc|Any CPU
		{390A2E3C-2D2D-4F04-87F8-52FFD9D57E99}.Ad-Hoc|iPhone.ActiveCfg = Ad-Hoc|iPhone
		{390A2E3C-2D2D-4F04-87F8-52FFD9D57E99}.Ad-Hoc|iPhone.Build.0 = Ad-Hoc|iPhone
		{390A2E3C-2D2D-4F04-87F8-52FFD9D57E99}.Ad-Hoc|iPhoneSimulator.ActiveCfg = Ad-Hoc|iPhoneSimulator
		{390A2E3C-2D2D-4F04-87F8-52FFD9D57E99}.Ad-Hoc|iPhoneSimulator.Build.0 = Ad-Hoc|iPhoneSimulator
		{390A2E3C-2D2D-4F04-87F8-52FFD9D57E99}.Ad-Hoc|iPhoneSimulator.Deploy.0 = Ad-Hoc|iPhoneSimulator
		{390A2E3C-2D2D-4F04-87F8-52FFD9D57E99}.Ad-Hoc|WindowsPhone.ActiveCfg = Ad-Hoc|Any CPU
		{390A2E3C-2D2D-4F04-87F8-52FFD9D57E99}.Ad-Hoc|x64.ActiveCfg = Ad-Hoc|Any CPU
		{390A2E3C-2D2D-4F04-87F8-52FFD9D57E99}.Ad-Hoc|x86.ActiveCfg = Ad-Hoc|Any CPU
		{390A2E3C-2D2D-4F04-87F8-52FFD9D57E99}.AppStore|Android.ActiveCfg = AppStore|Any CPU
		{390A2E3C-2D2D-4F04-87F8-52FFD9D57E99}.AppStore|Any CPU.ActiveCfg = AppStore|Any CPU
		{390A2E3C-2D2D-4F04-87F8-52FFD9D57E99}.AppStore|ARM.ActiveCfg = AppStore|Any CPU
		{390A2E3C-2D2D-4F04-87F8-52FFD9D57E99}.AppStore|iPhone.ActiveCfg = AppStore|iPhone
		{390A2E3C-2D2D-4F04-87F8-52FFD9D57E99}.AppStore|iPhone.Build.0 = AppStore|iPhone
		{390A2E3C-2D2D-4F04-87F8-52FFD9D57E99}.AppStore|iPhoneSimulator.ActiveCfg = AppStore|iPhoneSimulator
		{390A2E3C-2D2D-4F04-87F8-52FFD9D57E99}.AppStore|iPhoneSimulator.Build.0 = AppStore|iPhoneSimulator
		{390A2E3C-2D2D-4F04-87F8-52FFD9D57E99}.AppStore|WindowsPhone.ActiveCfg = AppStore|Any CPU
		{390A2E3C-2D2D-4F04-87F8-52FFD9D57E99}.AppStore|x64.ActiveCfg = AppStore|Any CPU
		{390A2E3C-2D2D-4F04-87F8-52FFD9D57E99}.AppStore|x86.ActiveCfg = AppStore|Any CPU
		{390A2E3C-2D2D-4F04-87F8-52FFD9D57E99}.Debug|Android.ActiveCfg = Debug|Any CPU
		{390A2E3C-2D2D-4F04-87F8-52FFD9D57E99}.Debug|Any CPU.ActiveCfg = Debug|Any CPU
		{390A2E3C-2D2D-4F04-87F8-52FFD9D57E99}.Debug|ARM.ActiveCfg = Debug|Any CPU
		{390A2E3C-2D2D-4F04-87F8-52FFD9D57E99}.Debug|iPhone.ActiveCfg = Debug|iPhone
		{390A2E3C-2D2D-4F04-87F8-52FFD9D57E99}.Debug|iPhone.Build.0 = Debug|iPhone
		{390A2E3C-2D2D-4F04-87F8-52FFD9D57E99}.Debug|iPhoneSimulator.ActiveCfg = Debug|iPhoneSimulator
		{390A2E3C-2D2D-4F04-87F8-52FFD9D57E99}.Debug|iPhoneSimulator.Build.0 = Debug|iPhoneSimulator
		{390A2E3C-2D2D-4F04-87F8-52FFD9D57E99}.Debug|WindowsPhone.ActiveCfg = Debug|Any CPU
		{390A2E3C-2D2D-4F04-87F8-52FFD9D57E99}.Debug|x64.ActiveCfg = Debug|Any CPU
		{390A2E3C-2D2D-4F04-87F8-52FFD9D57E99}.Debug|x86.ActiveCfg = Debug|Any CPU
		{390A2E3C-2D2D-4F04-87F8-52FFD9D57E99}.Release|Android.ActiveCfg = Release|Any CPU
		{390A2E3C-2D2D-4F04-87F8-52FFD9D57E99}.Release|Any CPU.ActiveCfg = Release|Any CPU
		{390A2E3C-2D2D-4F04-87F8-52FFD9D57E99}.Release|ARM.ActiveCfg = Release|Any CPU
		{390A2E3C-2D2D-4F04-87F8-52FFD9D57E99}.Release|iPhone.ActiveCfg = Release|iPhone
		{390A2E3C-2D2D-4F04-87F8-52FFD9D57E99}.Release|iPhone.Build.0 = Release|iPhone
		{390A2E3C-2D2D-4F04-87F8-52FFD9D57E99}.Release|iPhoneSimulator.ActiveCfg = Release|iPhoneSimulator
		{390A2E3C-2D2D-4F04-87F8-52FFD9D57E99}.Release|iPhoneSimulator.Build.0 = Release|iPhoneSimulator
		{390A2E3C-2D2D-4F04-87F8-52FFD9D57E99}.Release|WindowsPhone.ActiveCfg = Release|Any CPU
		{390A2E3C-2D2D-4F04-87F8-52FFD9D57E99}.Release|x64.ActiveCfg = Release|Any CPU
		{390A2E3C-2D2D-4F04-87F8-52FFD9D57E99}.Release|x86.ActiveCfg = Release|Any CPU
		{2A6DB0BE-90C1-4AEE-ADE1-31BB10231AA3}.Ad-Hoc|Android.ActiveCfg = Release|Any CPU
		{2A6DB0BE-90C1-4AEE-ADE1-31BB10231AA3}.Ad-Hoc|Any CPU.ActiveCfg = Debug|Any CPU
		{2A6DB0BE-90C1-4AEE-ADE1-31BB10231AA3}.Ad-Hoc|Any CPU.Build.0 = Debug|Any CPU
		{2A6DB0BE-90C1-4AEE-ADE1-31BB10231AA3}.Ad-Hoc|Any CPU.Deploy.0 = Debug|Any CPU
		{2A6DB0BE-90C1-4AEE-ADE1-31BB10231AA3}.Ad-Hoc|ARM.ActiveCfg = Release|ARM
		{2A6DB0BE-90C1-4AEE-ADE1-31BB10231AA3}.Ad-Hoc|ARM.Build.0 = Release|ARM
		{2A6DB0BE-90C1-4AEE-ADE1-31BB10231AA3}.Ad-Hoc|ARM.Deploy.0 = Release|ARM
		{2A6DB0BE-90C1-4AEE-ADE1-31BB10231AA3}.Ad-Hoc|iPhone.ActiveCfg = Release|Any CPU
		{2A6DB0BE-90C1-4AEE-ADE1-31BB10231AA3}.Ad-Hoc|iPhoneSimulator.ActiveCfg = Release|Any CPU
		{2A6DB0BE-90C1-4AEE-ADE1-31BB10231AA3}.Ad-Hoc|WindowsPhone.ActiveCfg = Release|Any CPU
		{2A6DB0BE-90C1-4AEE-ADE1-31BB10231AA3}.Ad-Hoc|WindowsPhone.Build.0 = Release|Any CPU
		{2A6DB0BE-90C1-4AEE-ADE1-31BB10231AA3}.Ad-Hoc|WindowsPhone.Deploy.0 = Release|Any CPU
		{2A6DB0BE-90C1-4AEE-ADE1-31BB10231AA3}.Ad-Hoc|x64.ActiveCfg = Debug|Any CPU
		{2A6DB0BE-90C1-4AEE-ADE1-31BB10231AA3}.Ad-Hoc|x64.Build.0 = Debug|Any CPU
		{2A6DB0BE-90C1-4AEE-ADE1-31BB10231AA3}.Ad-Hoc|x64.Deploy.0 = Debug|Any CPU
		{2A6DB0BE-90C1-4AEE-ADE1-31BB10231AA3}.Ad-Hoc|x86.ActiveCfg = Release|x86
		{2A6DB0BE-90C1-4AEE-ADE1-31BB10231AA3}.Ad-Hoc|x86.Build.0 = Release|x86
		{2A6DB0BE-90C1-4AEE-ADE1-31BB10231AA3}.Ad-Hoc|x86.Deploy.0 = Release|x86
		{2A6DB0BE-90C1-4AEE-ADE1-31BB10231AA3}.AppStore|Android.ActiveCfg = Release|Any CPU
		{2A6DB0BE-90C1-4AEE-ADE1-31BB10231AA3}.AppStore|Any CPU.ActiveCfg = Debug|Any CPU
		{2A6DB0BE-90C1-4AEE-ADE1-31BB10231AA3}.AppStore|Any CPU.Build.0 = Debug|Any CPU
		{2A6DB0BE-90C1-4AEE-ADE1-31BB10231AA3}.AppStore|Any CPU.Deploy.0 = Debug|Any CPU
		{2A6DB0BE-90C1-4AEE-ADE1-31BB10231AA3}.AppStore|ARM.ActiveCfg = Release|ARM
		{2A6DB0BE-90C1-4AEE-ADE1-31BB10231AA3}.AppStore|ARM.Build.0 = Release|ARM
		{2A6DB0BE-90C1-4AEE-ADE1-31BB10231AA3}.AppStore|ARM.Deploy.0 = Release|ARM
		{2A6DB0BE-90C1-4AEE-ADE1-31BB10231AA3}.AppStore|iPhone.ActiveCfg = Release|Any CPU
		{2A6DB0BE-90C1-4AEE-ADE1-31BB10231AA3}.AppStore|iPhoneSimulator.ActiveCfg = Debug|Any CPU
		{2A6DB0BE-90C1-4AEE-ADE1-31BB10231AA3}.AppStore|WindowsPhone.ActiveCfg = Release|Any CPU
		{2A6DB0BE-90C1-4AEE-ADE1-31BB10231AA3}.AppStore|WindowsPhone.Build.0 = Release|Any CPU
		{2A6DB0BE-90C1-4AEE-ADE1-31BB10231AA3}.AppStore|WindowsPhone.Deploy.0 = Release|Any CPU
		{2A6DB0BE-90C1-4AEE-ADE1-31BB10231AA3}.AppStore|x64.ActiveCfg = Debug|Any CPU
		{2A6DB0BE-90C1-4AEE-ADE1-31BB10231AA3}.AppStore|x64.Build.0 = Debug|Any CPU
		{2A6DB0BE-90C1-4AEE-ADE1-31BB10231AA3}.AppStore|x64.Deploy.0 = Debug|Any CPU
		{2A6DB0BE-90C1-4AEE-ADE1-31BB10231AA3}.AppStore|x86.ActiveCfg = Release|x86
		{2A6DB0BE-90C1-4AEE-ADE1-31BB10231AA3}.AppStore|x86.Build.0 = Release|x86
		{2A6DB0BE-90C1-4AEE-ADE1-31BB10231AA3}.AppStore|x86.Deploy.0 = Release|x86
		{2A6DB0BE-90C1-4AEE-ADE1-31BB10231AA3}.Debug|Android.ActiveCfg = Debug|Any CPU
		{2A6DB0BE-90C1-4AEE-ADE1-31BB10231AA3}.Debug|Any CPU.ActiveCfg = Debug|Any CPU
		{2A6DB0BE-90C1-4AEE-ADE1-31BB10231AA3}.Debug|Any CPU.Build.0 = Debug|Any CPU
		{2A6DB0BE-90C1-4AEE-ADE1-31BB10231AA3}.Debug|Any CPU.Deploy.0 = Debug|Any CPU
		{2A6DB0BE-90C1-4AEE-ADE1-31BB10231AA3}.Debug|ARM.ActiveCfg = Debug|ARM
		{2A6DB0BE-90C1-4AEE-ADE1-31BB10231AA3}.Debug|ARM.Build.0 = Debug|ARM
		{2A6DB0BE-90C1-4AEE-ADE1-31BB10231AA3}.Debug|ARM.Deploy.0 = Debug|ARM
		{2A6DB0BE-90C1-4AEE-ADE1-31BB10231AA3}.Debug|iPhone.ActiveCfg = Debug|Any CPU
		{2A6DB0BE-90C1-4AEE-ADE1-31BB10231AA3}.Debug|iPhoneSimulator.ActiveCfg = Debug|Any CPU
		{2A6DB0BE-90C1-4AEE-ADE1-31BB10231AA3}.Debug|WindowsPhone.ActiveCfg = Debug|Any CPU
		{2A6DB0BE-90C1-4AEE-ADE1-31BB10231AA3}.Debug|WindowsPhone.Build.0 = Debug|Any CPU
		{2A6DB0BE-90C1-4AEE-ADE1-31BB10231AA3}.Debug|WindowsPhone.Deploy.0 = Debug|Any CPU
		{2A6DB0BE-90C1-4AEE-ADE1-31BB10231AA3}.Debug|x64.ActiveCfg = Debug|Any CPU
		{2A6DB0BE-90C1-4AEE-ADE1-31BB10231AA3}.Debug|x64.Build.0 = Debug|Any CPU
		{2A6DB0BE-90C1-4AEE-ADE1-31BB10231AA3}.Debug|x64.Deploy.0 = Debug|Any CPU
		{2A6DB0BE-90C1-4AEE-ADE1-31BB10231AA3}.Debug|x86.ActiveCfg = Debug|x86
		{2A6DB0BE-90C1-4AEE-ADE1-31BB10231AA3}.Debug|x86.Build.0 = Debug|x86
		{2A6DB0BE-90C1-4AEE-ADE1-31BB10231AA3}.Debug|x86.Deploy.0 = Debug|x86
		{2A6DB0BE-90C1-4AEE-ADE1-31BB10231AA3}.Release|Android.ActiveCfg = Release|Any CPU
		{2A6DB0BE-90C1-4AEE-ADE1-31BB10231AA3}.Release|Any CPU.ActiveCfg = Release|Any CPU
		{2A6DB0BE-90C1-4AEE-ADE1-31BB10231AA3}.Release|Any CPU.Build.0 = Release|Any CPU
		{2A6DB0BE-90C1-4AEE-ADE1-31BB10231AA3}.Release|Any CPU.Deploy.0 = Release|Any CPU
		{2A6DB0BE-90C1-4AEE-ADE1-31BB10231AA3}.Release|ARM.ActiveCfg = Release|ARM
		{2A6DB0BE-90C1-4AEE-ADE1-31BB10231AA3}.Release|ARM.Build.0 = Release|ARM
		{2A6DB0BE-90C1-4AEE-ADE1-31BB10231AA3}.Release|ARM.Deploy.0 = Release|ARM
		{2A6DB0BE-90C1-4AEE-ADE1-31BB10231AA3}.Release|iPhone.ActiveCfg = Release|Any CPU
		{2A6DB0BE-90C1-4AEE-ADE1-31BB10231AA3}.Release|iPhoneSimulator.ActiveCfg = Release|Any CPU
		{2A6DB0BE-90C1-4AEE-ADE1-31BB10231AA3}.Release|iPhoneSimulator.Deploy.0 = Release|Any CPU
		{2A6DB0BE-90C1-4AEE-ADE1-31BB10231AA3}.Release|WindowsPhone.ActiveCfg = Release|Any CPU
		{2A6DB0BE-90C1-4AEE-ADE1-31BB10231AA3}.Release|WindowsPhone.Build.0 = Release|Any CPU
		{2A6DB0BE-90C1-4AEE-ADE1-31BB10231AA3}.Release|WindowsPhone.Deploy.0 = Release|Any CPU
		{2A6DB0BE-90C1-4AEE-ADE1-31BB10231AA3}.Release|x64.ActiveCfg = Release|Any CPU
		{2A6DB0BE-90C1-4AEE-ADE1-31BB10231AA3}.Release|x64.Build.0 = Release|Any CPU
		{2A6DB0BE-90C1-4AEE-ADE1-31BB10231AA3}.Release|x64.Deploy.0 = Release|Any CPU
		{2A6DB0BE-90C1-4AEE-ADE1-31BB10231AA3}.Release|x86.ActiveCfg = Release|x86
		{2A6DB0BE-90C1-4AEE-ADE1-31BB10231AA3}.Release|x86.Build.0 = Release|x86
		{2A6DB0BE-90C1-4AEE-ADE1-31BB10231AA3}.Release|x86.Deploy.0 = Release|x86
		{961E4335-FF6F-44D2-B6C8-81010CAE166E}.Ad-Hoc|Android.ActiveCfg = Release|Any CPU
		{961E4335-FF6F-44D2-B6C8-81010CAE166E}.Ad-Hoc|Android.Build.0 = Release|Any CPU
		{961E4335-FF6F-44D2-B6C8-81010CAE166E}.Ad-Hoc|Any CPU.ActiveCfg = Debug|Any CPU
		{961E4335-FF6F-44D2-B6C8-81010CAE166E}.Ad-Hoc|ARM.ActiveCfg = Debug|Any CPU
		{961E4335-FF6F-44D2-B6C8-81010CAE166E}.Ad-Hoc|iPhone.ActiveCfg = Release|Any CPU
		{961E4335-FF6F-44D2-B6C8-81010CAE166E}.Ad-Hoc|iPhone.Build.0 = Release|Any CPU
		{961E4335-FF6F-44D2-B6C8-81010CAE166E}.Ad-Hoc|iPhoneSimulator.ActiveCfg = Release|Any CPU
		{961E4335-FF6F-44D2-B6C8-81010CAE166E}.Ad-Hoc|iPhoneSimulator.Build.0 = Release|Any CPU
		{961E4335-FF6F-44D2-B6C8-81010CAE166E}.Ad-Hoc|WindowsPhone.ActiveCfg = Release|Any CPU
		{961E4335-FF6F-44D2-B6C8-81010CAE166E}.Ad-Hoc|WindowsPhone.Build.0 = Release|Any CPU
		{961E4335-FF6F-44D2-B6C8-81010CAE166E}.Ad-Hoc|x64.ActiveCfg = Debug|Any CPU
		{961E4335-FF6F-44D2-B6C8-81010CAE166E}.Ad-Hoc|x86.ActiveCfg = Debug|Any CPU
		{961E4335-FF6F-44D2-B6C8-81010CAE166E}.AppStore|Android.ActiveCfg = Release|Any CPU
		{961E4335-FF6F-44D2-B6C8-81010CAE166E}.AppStore|Android.Build.0 = Release|Any CPU
		{961E4335-FF6F-44D2-B6C8-81010CAE166E}.AppStore|Any CPU.ActiveCfg = Debug|Any CPU
		{961E4335-FF6F-44D2-B6C8-81010CAE166E}.AppStore|ARM.ActiveCfg = Debug|Any CPU
		{961E4335-FF6F-44D2-B6C8-81010CAE166E}.AppStore|iPhone.ActiveCfg = Release|Any CPU
		{961E4335-FF6F-44D2-B6C8-81010CAE166E}.AppStore|iPhone.Build.0 = Release|Any CPU
		{961E4335-FF6F-44D2-B6C8-81010CAE166E}.AppStore|iPhoneSimulator.ActiveCfg = Debug|Any CPU
		{961E4335-FF6F-44D2-B6C8-81010CAE166E}.AppStore|iPhoneSimulator.Build.0 = Debug|Any CPU
		{961E4335-FF6F-44D2-B6C8-81010CAE166E}.AppStore|WindowsPhone.ActiveCfg = Release|Any CPU
		{961E4335-FF6F-44D2-B6C8-81010CAE166E}.AppStore|WindowsPhone.Build.0 = Release|Any CPU
		{961E4335-FF6F-44D2-B6C8-81010CAE166E}.AppStore|x64.ActiveCfg = Debug|Any CPU
		{961E4335-FF6F-44D2-B6C8-81010CAE166E}.AppStore|x86.ActiveCfg = Debug|Any CPU
		{961E4335-FF6F-44D2-B6C8-81010CAE166E}.Debug|Android.ActiveCfg = Debug|Any CPU
		{961E4335-FF6F-44D2-B6C8-81010CAE166E}.Debug|Android.Build.0 = Debug|Any CPU
		{961E4335-FF6F-44D2-B6C8-81010CAE166E}.Debug|Any CPU.ActiveCfg = Debug|Any CPU
		{961E4335-FF6F-44D2-B6C8-81010CAE166E}.Debug|ARM.ActiveCfg = Debug|Any CPU
		{961E4335-FF6F-44D2-B6C8-81010CAE166E}.Debug|iPhone.ActiveCfg = Debug|Any CPU
		{961E4335-FF6F-44D2-B6C8-81010CAE166E}.Debug|iPhone.Build.0 = Debug|Any CPU
		{961E4335-FF6F-44D2-B6C8-81010CAE166E}.Debug|iPhoneSimulator.ActiveCfg = Debug|Any CPU
		{961E4335-FF6F-44D2-B6C8-81010CAE166E}.Debug|iPhoneSimulator.Build.0 = Debug|Any CPU
		{961E4335-FF6F-44D2-B6C8-81010CAE166E}.Debug|WindowsPhone.ActiveCfg = Debug|Any CPU
		{961E4335-FF6F-44D2-B6C8-81010CAE166E}.Debug|WindowsPhone.Build.0 = Debug|Any CPU
		{961E4335-FF6F-44D2-B6C8-81010CAE166E}.Debug|x64.ActiveCfg = Debug|Any CPU
		{961E4335-FF6F-44D2-B6C8-81010CAE166E}.Debug|x86.ActiveCfg = Debug|Any CPU
		{961E4335-FF6F-44D2-B6C8-81010CAE166E}.Release|Android.ActiveCfg = Release|Any CPU
		{961E4335-FF6F-44D2-B6C8-81010CAE166E}.Release|Android.Build.0 = Release|Any CPU
		{961E4335-FF6F-44D2-B6C8-81010CAE166E}.Release|Any CPU.ActiveCfg = Release|Any CPU
		{961E4335-FF6F-44D2-B6C8-81010CAE166E}.Release|ARM.ActiveCfg = Release|Any CPU
		{961E4335-FF6F-44D2-B6C8-81010CAE166E}.Release|iPhone.ActiveCfg = Release|Any CPU
		{961E4335-FF6F-44D2-B6C8-81010CAE166E}.Release|iPhone.Build.0 = Release|Any CPU
		{961E4335-FF6F-44D2-B6C8-81010CAE166E}.Release|iPhoneSimulator.ActiveCfg = Release|Any CPU
		{961E4335-FF6F-44D2-B6C8-81010CAE166E}.Release|iPhoneSimulator.Build.0 = Release|Any CPU
		{961E4335-FF6F-44D2-B6C8-81010CAE166E}.Release|WindowsPhone.ActiveCfg = Release|Any CPU
		{961E4335-FF6F-44D2-B6C8-81010CAE166E}.Release|WindowsPhone.Build.0 = Release|Any CPU
		{961E4335-FF6F-44D2-B6C8-81010CAE166E}.Release|x64.ActiveCfg = Release|Any CPU
		{961E4335-FF6F-44D2-B6C8-81010CAE166E}.Release|x86.ActiveCfg = Release|Any CPU
		{6A372284-78B1-4822-B79B-5BC5D8E1ED77}.Ad-Hoc|Android.ActiveCfg = Release|x86
		{6A372284-78B1-4822-B79B-5BC5D8E1ED77}.Ad-Hoc|Android.Build.0 = Release|x86
		{6A372284-78B1-4822-B79B-5BC5D8E1ED77}.Ad-Hoc|Android.Deploy.0 = Release|x86
		{6A372284-78B1-4822-B79B-5BC5D8E1ED77}.Ad-Hoc|Any CPU.ActiveCfg = Debug|x64
		{6A372284-78B1-4822-B79B-5BC5D8E1ED77}.Ad-Hoc|ARM.ActiveCfg = Release|ARM
		{6A372284-78B1-4822-B79B-5BC5D8E1ED77}.Ad-Hoc|ARM.Build.0 = Release|ARM
		{6A372284-78B1-4822-B79B-5BC5D8E1ED77}.Ad-Hoc|ARM.Deploy.0 = Release|ARM
		{6A372284-78B1-4822-B79B-5BC5D8E1ED77}.Ad-Hoc|iPhone.ActiveCfg = Release|x86
		{6A372284-78B1-4822-B79B-5BC5D8E1ED77}.Ad-Hoc|iPhone.Build.0 = Release|x86
		{6A372284-78B1-4822-B79B-5BC5D8E1ED77}.Ad-Hoc|iPhone.Deploy.0 = Release|x86
		{6A372284-78B1-4822-B79B-5BC5D8E1ED77}.Ad-Hoc|iPhoneSimulator.ActiveCfg = Release|x86
		{6A372284-78B1-4822-B79B-5BC5D8E1ED77}.Ad-Hoc|iPhoneSimulator.Build.0 = Release|x86
		{6A372284-78B1-4822-B79B-5BC5D8E1ED77}.Ad-Hoc|iPhoneSimulator.Deploy.0 = Release|x86
		{6A372284-78B1-4822-B79B-5BC5D8E1ED77}.Ad-Hoc|WindowsPhone.ActiveCfg = Release|x86
		{6A372284-78B1-4822-B79B-5BC5D8E1ED77}.Ad-Hoc|WindowsPhone.Build.0 = Release|x86
		{6A372284-78B1-4822-B79B-5BC5D8E1ED77}.Ad-Hoc|WindowsPhone.Deploy.0 = Release|x86
		{6A372284-78B1-4822-B79B-5BC5D8E1ED77}.Ad-Hoc|x64.ActiveCfg = Release|x64
		{6A372284-78B1-4822-B79B-5BC5D8E1ED77}.Ad-Hoc|x64.Build.0 = Release|x64
		{6A372284-78B1-4822-B79B-5BC5D8E1ED77}.Ad-Hoc|x64.Deploy.0 = Release|x64
		{6A372284-78B1-4822-B79B-5BC5D8E1ED77}.Ad-Hoc|x86.ActiveCfg = Release|x86
		{6A372284-78B1-4822-B79B-5BC5D8E1ED77}.Ad-Hoc|x86.Build.0 = Release|x86
		{6A372284-78B1-4822-B79B-5BC5D8E1ED77}.Ad-Hoc|x86.Deploy.0 = Release|x86
		{6A372284-78B1-4822-B79B-5BC5D8E1ED77}.AppStore|Android.ActiveCfg = Release|x86
		{6A372284-78B1-4822-B79B-5BC5D8E1ED77}.AppStore|Android.Build.0 = Release|x86
		{6A372284-78B1-4822-B79B-5BC5D8E1ED77}.AppStore|Android.Deploy.0 = Release|x86
		{6A372284-78B1-4822-B79B-5BC5D8E1ED77}.AppStore|Any CPU.ActiveCfg = Debug|x64
		{6A372284-78B1-4822-B79B-5BC5D8E1ED77}.AppStore|ARM.ActiveCfg = Release|ARM
		{6A372284-78B1-4822-B79B-5BC5D8E1ED77}.AppStore|ARM.Build.0 = Release|ARM
		{6A372284-78B1-4822-B79B-5BC5D8E1ED77}.AppStore|ARM.Deploy.0 = Release|ARM
		{6A372284-78B1-4822-B79B-5BC5D8E1ED77}.AppStore|iPhone.ActiveCfg = Release|x86
		{6A372284-78B1-4822-B79B-5BC5D8E1ED77}.AppStore|iPhone.Build.0 = Release|x86
		{6A372284-78B1-4822-B79B-5BC5D8E1ED77}.AppStore|iPhone.Deploy.0 = Release|x86
		{6A372284-78B1-4822-B79B-5BC5D8E1ED77}.AppStore|iPhoneSimulator.ActiveCfg = Release|x86
		{6A372284-78B1-4822-B79B-5BC5D8E1ED77}.AppStore|iPhoneSimulator.Build.0 = Release|x86
		{6A372284-78B1-4822-B79B-5BC5D8E1ED77}.AppStore|iPhoneSimulator.Deploy.0 = Release|x86
		{6A372284-78B1-4822-B79B-5BC5D8E1ED77}.AppStore|WindowsPhone.ActiveCfg = Release|x86
		{6A372284-78B1-4822-B79B-5BC5D8E1ED77}.AppStore|WindowsPhone.Build.0 = Release|x86
		{6A372284-78B1-4822-B79B-5BC5D8E1ED77}.AppStore|WindowsPhone.Deploy.0 = Release|x86
		{6A372284-78B1-4822-B79B-5BC5D8E1ED77}.AppStore|x64.ActiveCfg = Release|x64
		{6A372284-78B1-4822-B79B-5BC5D8E1ED77}.AppStore|x64.Build.0 = Release|x64
		{6A372284-78B1-4822-B79B-5BC5D8E1ED77}.AppStore|x64.Deploy.0 = Release|x64
		{6A372284-78B1-4822-B79B-5BC5D8E1ED77}.AppStore|x86.ActiveCfg = Release|x86
		{6A372284-78B1-4822-B79B-5BC5D8E1ED77}.AppStore|x86.Build.0 = Release|x86
		{6A372284-78B1-4822-B79B-5BC5D8E1ED77}.AppStore|x86.Deploy.0 = Release|x86
		{6A372284-78B1-4822-B79B-5BC5D8E1ED77}.Debug|Android.ActiveCfg = Debug|x86
		{6A372284-78B1-4822-B79B-5BC5D8E1ED77}.Debug|Any CPU.ActiveCfg = Debug|x86
		{6A372284-78B1-4822-B79B-5BC5D8E1ED77}.Debug|ARM.ActiveCfg = Debug|ARM
		{6A372284-78B1-4822-B79B-5BC5D8E1ED77}.Debug|ARM.Build.0 = Debug|ARM
		{6A372284-78B1-4822-B79B-5BC5D8E1ED77}.Debug|ARM.Deploy.0 = Debug|ARM
		{6A372284-78B1-4822-B79B-5BC5D8E1ED77}.Debug|iPhone.ActiveCfg = Debug|x86
		{6A372284-78B1-4822-B79B-5BC5D8E1ED77}.Debug|iPhoneSimulator.ActiveCfg = Debug|x86
		{6A372284-78B1-4822-B79B-5BC5D8E1ED77}.Debug|WindowsPhone.ActiveCfg = Debug|x86
		{6A372284-78B1-4822-B79B-5BC5D8E1ED77}.Debug|WindowsPhone.Build.0 = Debug|x86
		{6A372284-78B1-4822-B79B-5BC5D8E1ED77}.Debug|WindowsPhone.Deploy.0 = Debug|x86
		{6A372284-78B1-4822-B79B-5BC5D8E1ED77}.Debug|x64.ActiveCfg = Debug|x64
		{6A372284-78B1-4822-B79B-5BC5D8E1ED77}.Debug|x64.Build.0 = Debug|x64
		{6A372284-78B1-4822-B79B-5BC5D8E1ED77}.Debug|x64.Deploy.0 = Debug|x64
		{6A372284-78B1-4822-B79B-5BC5D8E1ED77}.Debug|x86.ActiveCfg = Debug|x86
		{6A372284-78B1-4822-B79B-5BC5D8E1ED77}.Debug|x86.Build.0 = Debug|x86
		{6A372284-78B1-4822-B79B-5BC5D8E1ED77}.Debug|x86.Deploy.0 = Debug|x86
		{6A372284-78B1-4822-B79B-5BC5D8E1ED77}.Release|Android.ActiveCfg = Release|x86
		{6A372284-78B1-4822-B79B-5BC5D8E1ED77}.Release|Any CPU.ActiveCfg = Release|x86
		{6A372284-78B1-4822-B79B-5BC5D8E1ED77}.Release|ARM.ActiveCfg = Release|ARM
		{6A372284-78B1-4822-B79B-5BC5D8E1ED77}.Release|ARM.Build.0 = Release|ARM
		{6A372284-78B1-4822-B79B-5BC5D8E1ED77}.Release|ARM.Deploy.0 = Release|ARM
		{6A372284-78B1-4822-B79B-5BC5D8E1ED77}.Release|iPhone.ActiveCfg = Release|x86
		{6A372284-78B1-4822-B79B-5BC5D8E1ED77}.Release|iPhoneSimulator.ActiveCfg = Release|x86
		{6A372284-78B1-4822-B79B-5BC5D8E1ED77}.Release|WindowsPhone.ActiveCfg = Release|x86
		{6A372284-78B1-4822-B79B-5BC5D8E1ED77}.Release|x64.ActiveCfg = Release|x64
		{6A372284-78B1-4822-B79B-5BC5D8E1ED77}.Release|x64.Build.0 = Release|x64
		{6A372284-78B1-4822-B79B-5BC5D8E1ED77}.Release|x64.Deploy.0 = Release|x64
		{6A372284-78B1-4822-B79B-5BC5D8E1ED77}.Release|x86.ActiveCfg = Release|x86
		{6A372284-78B1-4822-B79B-5BC5D8E1ED77}.Release|x86.Build.0 = Release|x86
		{6A372284-78B1-4822-B79B-5BC5D8E1ED77}.Release|x86.Deploy.0 = Release|x86
		{4492829F-D1B3-4ADF-A7E5-9F0DC3E312D3}.Ad-Hoc|Android.ActiveCfg = Release|Any CPU
		{4492829F-D1B3-4ADF-A7E5-9F0DC3E312D3}.Ad-Hoc|Android.Build.0 = Release|Any CPU
		{4492829F-D1B3-4ADF-A7E5-9F0DC3E312D3}.Ad-Hoc|Any CPU.ActiveCfg = Release|Any CPU
		{4492829F-D1B3-4ADF-A7E5-9F0DC3E312D3}.Ad-Hoc|Any CPU.Build.0 = Release|Any CPU
		{4492829F-D1B3-4ADF-A7E5-9F0DC3E312D3}.Ad-Hoc|ARM.ActiveCfg = Release|Any CPU
		{4492829F-D1B3-4ADF-A7E5-9F0DC3E312D3}.Ad-Hoc|ARM.Build.0 = Release|Any CPU
		{4492829F-D1B3-4ADF-A7E5-9F0DC3E312D3}.Ad-Hoc|iPhone.ActiveCfg = Release|Any CPU
		{4492829F-D1B3-4ADF-A7E5-9F0DC3E312D3}.Ad-Hoc|iPhone.Build.0 = Release|Any CPU
		{4492829F-D1B3-4ADF-A7E5-9F0DC3E312D3}.Ad-Hoc|iPhoneSimulator.ActiveCfg = Release|Any CPU
		{4492829F-D1B3-4ADF-A7E5-9F0DC3E312D3}.Ad-Hoc|iPhoneSimulator.Build.0 = Release|Any CPU
		{4492829F-D1B3-4ADF-A7E5-9F0DC3E312D3}.Ad-Hoc|WindowsPhone.ActiveCfg = Release|Any CPU
		{4492829F-D1B3-4ADF-A7E5-9F0DC3E312D3}.Ad-Hoc|WindowsPhone.Build.0 = Release|Any CPU
		{4492829F-D1B3-4ADF-A7E5-9F0DC3E312D3}.Ad-Hoc|x64.ActiveCfg = Release|Any CPU
		{4492829F-D1B3-4ADF-A7E5-9F0DC3E312D3}.Ad-Hoc|x64.Build.0 = Release|Any CPU
		{4492829F-D1B3-4ADF-A7E5-9F0DC3E312D3}.Ad-Hoc|x86.ActiveCfg = Release|Any CPU
		{4492829F-D1B3-4ADF-A7E5-9F0DC3E312D3}.Ad-Hoc|x86.Build.0 = Release|Any CPU
		{4492829F-D1B3-4ADF-A7E5-9F0DC3E312D3}.AppStore|Android.ActiveCfg = Release|Any CPU
		{4492829F-D1B3-4ADF-A7E5-9F0DC3E312D3}.AppStore|Android.Build.0 = Release|Any CPU
		{4492829F-D1B3-4ADF-A7E5-9F0DC3E312D3}.AppStore|Any CPU.ActiveCfg = Release|Any CPU
		{4492829F-D1B3-4ADF-A7E5-9F0DC3E312D3}.AppStore|Any CPU.Build.0 = Release|Any CPU
		{4492829F-D1B3-4ADF-A7E5-9F0DC3E312D3}.AppStore|ARM.ActiveCfg = Release|Any CPU
		{4492829F-D1B3-4ADF-A7E5-9F0DC3E312D3}.AppStore|ARM.Build.0 = Release|Any CPU
		{4492829F-D1B3-4ADF-A7E5-9F0DC3E312D3}.AppStore|iPhone.ActiveCfg = Release|Any CPU
		{4492829F-D1B3-4ADF-A7E5-9F0DC3E312D3}.AppStore|iPhone.Build.0 = Release|Any CPU
		{4492829F-D1B3-4ADF-A7E5-9F0DC3E312D3}.AppStore|iPhoneSimulator.ActiveCfg = Release|Any CPU
		{4492829F-D1B3-4ADF-A7E5-9F0DC3E312D3}.AppStore|iPhoneSimulator.Build.0 = Release|Any CPU
		{4492829F-D1B3-4ADF-A7E5-9F0DC3E312D3}.AppStore|WindowsPhone.ActiveCfg = Release|Any CPU
		{4492829F-D1B3-4ADF-A7E5-9F0DC3E312D3}.AppStore|WindowsPhone.Build.0 = Release|Any CPU
		{4492829F-D1B3-4ADF-A7E5-9F0DC3E312D3}.AppStore|x64.ActiveCfg = Release|Any CPU
		{4492829F-D1B3-4ADF-A7E5-9F0DC3E312D3}.AppStore|x64.Build.0 = Release|Any CPU
		{4492829F-D1B3-4ADF-A7E5-9F0DC3E312D3}.AppStore|x86.ActiveCfg = Release|Any CPU
		{4492829F-D1B3-4ADF-A7E5-9F0DC3E312D3}.AppStore|x86.Build.0 = Release|Any CPU
		{4492829F-D1B3-4ADF-A7E5-9F0DC3E312D3}.Debug|Android.ActiveCfg = Debug|Any CPU
		{4492829F-D1B3-4ADF-A7E5-9F0DC3E312D3}.Debug|Android.Build.0 = Debug|Any CPU
		{4492829F-D1B3-4ADF-A7E5-9F0DC3E312D3}.Debug|Any CPU.ActiveCfg = Debug|Any CPU
		{4492829F-D1B3-4ADF-A7E5-9F0DC3E312D3}.Debug|Any CPU.Build.0 = Debug|Any CPU
		{4492829F-D1B3-4ADF-A7E5-9F0DC3E312D3}.Debug|ARM.ActiveCfg = Debug|Any CPU
		{4492829F-D1B3-4ADF-A7E5-9F0DC3E312D3}.Debug|ARM.Build.0 = Debug|Any CPU
		{4492829F-D1B3-4ADF-A7E5-9F0DC3E312D3}.Debug|iPhone.ActiveCfg = Debug|Any CPU
		{4492829F-D1B3-4ADF-A7E5-9F0DC3E312D3}.Debug|iPhone.Build.0 = Debug|Any CPU
		{4492829F-D1B3-4ADF-A7E5-9F0DC3E312D3}.Debug|iPhoneSimulator.ActiveCfg = Debug|Any CPU
		{4492829F-D1B3-4ADF-A7E5-9F0DC3E312D3}.Debug|iPhoneSimulator.Build.0 = Debug|Any CPU
		{4492829F-D1B3-4ADF-A7E5-9F0DC3E312D3}.Debug|WindowsPhone.ActiveCfg = Debug|Any CPU
		{4492829F-D1B3-4ADF-A7E5-9F0DC3E312D3}.Debug|WindowsPhone.Build.0 = Debug|Any CPU
		{4492829F-D1B3-4ADF-A7E5-9F0DC3E312D3}.Debug|x64.ActiveCfg = Debug|Any CPU
		{4492829F-D1B3-4ADF-A7E5-9F0DC3E312D3}.Debug|x64.Build.0 = Debug|Any CPU
		{4492829F-D1B3-4ADF-A7E5-9F0DC3E312D3}.Debug|x86.ActiveCfg = Debug|Any CPU
		{4492829F-D1B3-4ADF-A7E5-9F0DC3E312D3}.Debug|x86.Build.0 = Debug|Any CPU
		{4492829F-D1B3-4ADF-A7E5-9F0DC3E312D3}.Release|Android.ActiveCfg = Release|Any CPU
		{4492829F-D1B3-4ADF-A7E5-9F0DC3E312D3}.Release|Android.Build.0 = Release|Any CPU
		{4492829F-D1B3-4ADF-A7E5-9F0DC3E312D3}.Release|Any CPU.ActiveCfg = Release|Any CPU
		{4492829F-D1B3-4ADF-A7E5-9F0DC3E312D3}.Release|Any CPU.Build.0 = Release|Any CPU
		{4492829F-D1B3-4ADF-A7E5-9F0DC3E312D3}.Release|ARM.ActiveCfg = Release|Any CPU
		{4492829F-D1B3-4ADF-A7E5-9F0DC3E312D3}.Release|ARM.Build.0 = Release|Any CPU
		{4492829F-D1B3-4ADF-A7E5-9F0DC3E312D3}.Release|iPhone.ActiveCfg = Release|Any CPU
		{4492829F-D1B3-4ADF-A7E5-9F0DC3E312D3}.Release|iPhone.Build.0 = Release|Any CPU
		{4492829F-D1B3-4ADF-A7E5-9F0DC3E312D3}.Release|iPhoneSimulator.ActiveCfg = Release|Any CPU
		{4492829F-D1B3-4ADF-A7E5-9F0DC3E312D3}.Release|iPhoneSimulator.Build.0 = Release|Any CPU
		{4492829F-D1B3-4ADF-A7E5-9F0DC3E312D3}.Release|WindowsPhone.ActiveCfg = Release|Any CPU
		{4492829F-D1B3-4ADF-A7E5-9F0DC3E312D3}.Release|WindowsPhone.Build.0 = Release|Any CPU
		{4492829F-D1B3-4ADF-A7E5-9F0DC3E312D3}.Release|x64.ActiveCfg = Release|Any CPU
		{4492829F-D1B3-4ADF-A7E5-9F0DC3E312D3}.Release|x64.Build.0 = Release|Any CPU
		{4492829F-D1B3-4ADF-A7E5-9F0DC3E312D3}.Release|x86.ActiveCfg = Release|Any CPU
		{4492829F-D1B3-4ADF-A7E5-9F0DC3E312D3}.Release|x86.Build.0 = Release|Any CPU
		{EE6F913D-7EF7-4887-A433-E1532167774B}.Ad-Hoc|Android.ActiveCfg = Release|Any CPU
		{EE6F913D-7EF7-4887-A433-E1532167774B}.Ad-Hoc|Android.Build.0 = Release|Any CPU
		{EE6F913D-7EF7-4887-A433-E1532167774B}.Ad-Hoc|Any CPU.ActiveCfg = Release|Any CPU
		{EE6F913D-7EF7-4887-A433-E1532167774B}.Ad-Hoc|Any CPU.Build.0 = Release|Any CPU
		{EE6F913D-7EF7-4887-A433-E1532167774B}.Ad-Hoc|ARM.ActiveCfg = Release|Any CPU
		{EE6F913D-7EF7-4887-A433-E1532167774B}.Ad-Hoc|ARM.Build.0 = Release|Any CPU
		{EE6F913D-7EF7-4887-A433-E1532167774B}.Ad-Hoc|iPhone.ActiveCfg = Release|Any CPU
		{EE6F913D-7EF7-4887-A433-E1532167774B}.Ad-Hoc|iPhone.Build.0 = Release|Any CPU
		{EE6F913D-7EF7-4887-A433-E1532167774B}.Ad-Hoc|iPhoneSimulator.ActiveCfg = Release|Any CPU
		{EE6F913D-7EF7-4887-A433-E1532167774B}.Ad-Hoc|iPhoneSimulator.Build.0 = Release|Any CPU
		{EE6F913D-7EF7-4887-A433-E1532167774B}.Ad-Hoc|WindowsPhone.ActiveCfg = Release|Any CPU
		{EE6F913D-7EF7-4887-A433-E1532167774B}.Ad-Hoc|WindowsPhone.Build.0 = Release|Any CPU
		{EE6F913D-7EF7-4887-A433-E1532167774B}.Ad-Hoc|x64.ActiveCfg = Release|Any CPU
		{EE6F913D-7EF7-4887-A433-E1532167774B}.Ad-Hoc|x64.Build.0 = Release|Any CPU
		{EE6F913D-7EF7-4887-A433-E1532167774B}.Ad-Hoc|x86.ActiveCfg = Release|Any CPU
		{EE6F913D-7EF7-4887-A433-E1532167774B}.Ad-Hoc|x86.Build.0 = Release|Any CPU
		{EE6F913D-7EF7-4887-A433-E1532167774B}.AppStore|Android.ActiveCfg = Release|Any CPU
		{EE6F913D-7EF7-4887-A433-E1532167774B}.AppStore|Android.Build.0 = Release|Any CPU
		{EE6F913D-7EF7-4887-A433-E1532167774B}.AppStore|Any CPU.ActiveCfg = Release|Any CPU
		{EE6F913D-7EF7-4887-A433-E1532167774B}.AppStore|Any CPU.Build.0 = Release|Any CPU
		{EE6F913D-7EF7-4887-A433-E1532167774B}.AppStore|ARM.ActiveCfg = Release|Any CPU
		{EE6F913D-7EF7-4887-A433-E1532167774B}.AppStore|ARM.Build.0 = Release|Any CPU
		{EE6F913D-7EF7-4887-A433-E1532167774B}.AppStore|iPhone.ActiveCfg = Release|Any CPU
		{EE6F913D-7EF7-4887-A433-E1532167774B}.AppStore|iPhone.Build.0 = Release|Any CPU
		{EE6F913D-7EF7-4887-A433-E1532167774B}.AppStore|iPhoneSimulator.ActiveCfg = Release|Any CPU
		{EE6F913D-7EF7-4887-A433-E1532167774B}.AppStore|iPhoneSimulator.Build.0 = Release|Any CPU
		{EE6F913D-7EF7-4887-A433-E1532167774B}.AppStore|WindowsPhone.ActiveCfg = Release|Any CPU
		{EE6F913D-7EF7-4887-A433-E1532167774B}.AppStore|WindowsPhone.Build.0 = Release|Any CPU
		{EE6F913D-7EF7-4887-A433-E1532167774B}.AppStore|x64.ActiveCfg = Release|Any CPU
		{EE6F913D-7EF7-4887-A433-E1532167774B}.AppStore|x64.Build.0 = Release|Any CPU
		{EE6F913D-7EF7-4887-A433-E1532167774B}.AppStore|x86.ActiveCfg = Release|Any CPU
		{EE6F913D-7EF7-4887-A433-E1532167774B}.AppStore|x86.Build.0 = Release|Any CPU
		{EE6F913D-7EF7-4887-A433-E1532167774B}.Debug|Android.ActiveCfg = Debug|Any CPU
		{EE6F913D-7EF7-4887-A433-E1532167774B}.Debug|Android.Build.0 = Debug|Any CPU
		{EE6F913D-7EF7-4887-A433-E1532167774B}.Debug|Any CPU.ActiveCfg = Debug|Any CPU
		{EE6F913D-7EF7-4887-A433-E1532167774B}.Debug|Any CPU.Build.0 = Debug|Any CPU
		{EE6F913D-7EF7-4887-A433-E1532167774B}.Debug|ARM.ActiveCfg = Debug|Any CPU
		{EE6F913D-7EF7-4887-A433-E1532167774B}.Debug|ARM.Build.0 = Debug|Any CPU
		{EE6F913D-7EF7-4887-A433-E1532167774B}.Debug|iPhone.ActiveCfg = Debug|Any CPU
		{EE6F913D-7EF7-4887-A433-E1532167774B}.Debug|iPhone.Build.0 = Debug|Any CPU
		{EE6F913D-7EF7-4887-A433-E1532167774B}.Debug|iPhoneSimulator.ActiveCfg = Debug|Any CPU
		{EE6F913D-7EF7-4887-A433-E1532167774B}.Debug|iPhoneSimulator.Build.0 = Debug|Any CPU
		{EE6F913D-7EF7-4887-A433-E1532167774B}.Debug|WindowsPhone.ActiveCfg = Debug|Any CPU
		{EE6F913D-7EF7-4887-A433-E1532167774B}.Debug|WindowsPhone.Build.0 = Debug|Any CPU
		{EE6F913D-7EF7-4887-A433-E1532167774B}.Debug|x64.ActiveCfg = Debug|Any CPU
		{EE6F913D-7EF7-4887-A433-E1532167774B}.Debug|x64.Build.0 = Debug|Any CPU
		{EE6F913D-7EF7-4887-A433-E1532167774B}.Debug|x86.ActiveCfg = Debug|Any CPU
		{EE6F913D-7EF7-4887-A433-E1532167774B}.Debug|x86.Build.0 = Debug|Any CPU
		{EE6F913D-7EF7-4887-A433-E1532167774B}.Release|Android.ActiveCfg = Release|Any CPU
		{EE6F913D-7EF7-4887-A433-E1532167774B}.Release|Android.Build.0 = Release|Any CPU
		{EE6F913D-7EF7-4887-A433-E1532167774B}.Release|Any CPU.ActiveCfg = Release|Any CPU
		{EE6F913D-7EF7-4887-A433-E1532167774B}.Release|Any CPU.Build.0 = Release|Any CPU
		{EE6F913D-7EF7-4887-A433-E1532167774B}.Release|ARM.ActiveCfg = Release|Any CPU
		{EE6F913D-7EF7-4887-A433-E1532167774B}.Release|ARM.Build.0 = Release|Any CPU
		{EE6F913D-7EF7-4887-A433-E1532167774B}.Release|iPhone.ActiveCfg = Release|Any CPU
		{EE6F913D-7EF7-4887-A433-E1532167774B}.Release|iPhone.Build.0 = Release|Any CPU
		{EE6F913D-7EF7-4887-A433-E1532167774B}.Release|iPhoneSimulator.ActiveCfg = Release|Any CPU
		{EE6F913D-7EF7-4887-A433-E1532167774B}.Release|iPhoneSimulator.Build.0 = Release|Any CPU
		{EE6F913D-7EF7-4887-A433-E1532167774B}.Release|WindowsPhone.ActiveCfg = Release|Any CPU
		{EE6F913D-7EF7-4887-A433-E1532167774B}.Release|WindowsPhone.Build.0 = Release|Any CPU
		{EE6F913D-7EF7-4887-A433-E1532167774B}.Release|x64.ActiveCfg = Release|Any CPU
		{EE6F913D-7EF7-4887-A433-E1532167774B}.Release|x64.Build.0 = Release|Any CPU
		{EE6F913D-7EF7-4887-A433-E1532167774B}.Release|x86.ActiveCfg = Release|Any CPU
		{EE6F913D-7EF7-4887-A433-E1532167774B}.Release|x86.Build.0 = Release|Any CPU
	EndGlobalSection
	GlobalSection(SolutionProperties) = preSolution
		HideSolutionNode = FALSE
	EndGlobalSection
EndGlobal
